# @generated - this file is auto-generated by `mise lock` https://mise.jdx.dev/dev-tools/mise-lock.html

[[tools.age]]
version = "1.3.1"
backend = "aqua:FiloSottile/age"

[tools.age."platforms.linux-arm64"]
checksum = "sha256:c6878a324421b69e3e20b00ba17c04bc5c6dab0030cfe55bf8f68fa8d9e9093a"
url = "https://github.com/FiloSottile/age/releases/download/v1.3.1/age-v1.3.1-linux-arm64.tar.gz"
url_api = "https://api.github.com/repos/FiloSottile/age/releases/assets/333752668"
provenance = "github-attestations"

[tools.age."platforms.linux-x64"]
checksum = "sha256:bdc69c09cbdd6cf8b1f333d372a1f58247b3a33146406333e30c0f26e8f51377"
url = "https://github.com/FiloSottile/age/releases/download/v1.3.1/age-v1.3.1-linux-amd64.tar.gz"
url_api = "https://api.github.com/repos/FiloSottile/age/releases/assets/333752671"
provenance = "github-attestations"

[tools.age."platforms.macos-arm64"]
checksum = "sha256:01120ea2cbf0463d4c6bd767f99f3271bbed1cdc8a9aa718a76ba1fe4f01998b"
url = "https://github.com/FiloSottile/age/releases/download/v1.3.1/age-v1.3.1-darwin-arm64.tar.gz"
url_api = "https://api.github.com/repos/FiloSottile/age/releases/assets/333752669"
provenance = "github-attestations"

[tools.age."platforms.macos-x64"]
checksum = "sha256:2b233301ad21ab7b1eabd9ae1198a164005fa4928fcdd745d47c39f8593209d7"
url = "https://github.com/FiloSottile/age/releases/download/v1.3.1/age-v1.3.1-darwin-amd64.tar.gz"
url_api = "https://api.github.com/repos/FiloSottile/age/releases/assets/343881260"
provenance = "github-attestations"

[[tools."aqua:micro-editor/micro"]]
version = "2.0.15"
backend = "aqua:micro-editor/micro"

[tools."aqua:micro-editor/micro"."platforms.linux-arm64"]
checksum = "sha256:5ca127857bf5500be3879f1a70b27556e737a49da04a1be5334de9e8e8781ad9"
url = "https://github.com/micro-editor/micro/releases/download/v2.0.15/micro-2.0.15-linux-arm64.tar.gz"
url_api = "https://api.github.com/repos/micro-editor/micro/releases/assets/334842990"

[tools."aqua:micro-editor/micro"."platforms.linux-x64"]
checksum = "sha256:267d238eac1e26ed053d13d4d48bd421b87f9eb538b604f0b2f74a85598b6cc2"
url = "https://github.com/micro-editor/micro/releases/download/v2.0.15/micro-2.0.15-linux64-static.tar.gz"
url_api = "https://api.github.com/repos/micro-editor/micro/releases/assets/334842982"

[tools."aqua:micro-editor/micro"."platforms.macos-arm64"]
checksum = "sha256:2ff285cc49f2ac3f7a6e9110e2dabd3c848b73eed56a8396d627c0af80a34624"
url = "https://github.com/micro-editor/micro/releases/download/v2.0.15/micro-2.0.15-macos-arm64.tar.gz"
url_api = "https://api.github.com/repos/micro-editor/micro/releases/assets/334842985"

[tools."aqua:micro-editor/micro"."platforms.macos-x64"]
checksum = "sha256:d765b9bdd6478c4f5a3cbd5a93ebe7bab2b9cec30b5350016975cf1045855cee"
url = "https://github.com/micro-editor/micro/releases/download/v2.0.15/micro-2.0.15-osx.tar.gz"
url_api = "https://api.github.com/repos/micro-editor/micro/releases/assets/334842967"

[[tools."aqua:tak848/ccgate"]]
version = "0.9.5"
backend = "aqua:tak848/ccgate"

[tools."aqua:tak848/ccgate"."platforms.linux-arm64"]
checksum = "sha256:6faaeba52be1209a21efad8e6c41a7d15a16f45c43b15e196367ab6ee700d586"
url = "https://github.com/tak848/ccgate/releases/download/v0.9.5/ccgate-linux-arm64.tar.gz"
url_api = "https://api.github.com/repos/tak848/ccgate/releases/assets/464090951"

[tools."aqua:tak848/ccgate"."platforms.linux-x64"]
checksum = "sha256:95316a3c2b7e634e872e275917948d008bd7e46098768c20d87ba0303868e825"
url = "https://github.com/tak848/ccgate/releases/download/v0.9.5/ccgate-linux-amd64.tar.gz"
url_api = "https://api.github.com/repos/tak848/ccgate/releases/assets/464090943"

[tools."aqua:tak848/ccgate"."platforms.macos-arm64"]
checksum = "sha256:43338015830f4e426ae0ecfe9e2f8db997f87eb900b49fc2f34f6c663b2f8418"
url = "https://github.com/tak848/ccgate/releases/download/v0.9.5/ccgate-darwin-arm64.tar.gz"
url_api = "https://api.github.com/repos/tak848/ccgate/releases/assets/464090941"

[tools."aqua:tak848/ccgate"."platforms.macos-x64"]
checksum = "sha256:745f68f193997ab23263e69205426012a29ee067a7701b97be0720eea93e064c"
url = "https://github.com/tak848/ccgate/releases/download/v0.9.5/ccgate-darwin-amd64.tar.gz"
url_api = "https://api.github.com/repos/tak848/ccgate/releases/assets/464090944"

[[tools.bun]]
version = "1.3.14"
backend = "core:bun"

[tools.bun."platforms.linux-arm64"]
checksum = "sha256:a27ffb63a8310375836e0d6f668ae17fa8d8d18b88c37c821c65331973a19a3b"
url = "https://github.com/oven-sh/bun/releases/download/bun-v1.3.14/bun-linux-aarch64.zip"

[tools.bun."platforms.linux-arm64-musl"]
checksum = "sha256:b98e0ad3625c5c00d1d5b5ff55605c7adddbfae151861e68ade57b2d3b8703bb"
url = "https://github.com/oven-sh/bun/releases/download/bun-v1.3.14/bun-linux-aarch64-musl.zip"

[tools.bun."platforms.linux-x64"]
checksum = "sha256:951ee2aee855f08595aeec6225226a298d3fea83a3dcd6465c09cbccdf7e848f"
url = "https://github.com/oven-sh/bun/releases/download/bun-v1.3.14/bun-linux-x64.zip"

[tools.bun."platforms.linux-x64-baseline"]
checksum = "sha256:a063908ae08b7852ca10939bbdc6ceed3ddabce8fb9402dce83d65d73b36e6c7"
url = "https://github.com/oven-sh/bun/releases/download/bun-v1.3.14/bun-linux-x64-baseline.zip"

[tools.bun."platforms.linux-x64-musl"]
checksum = "sha256:14bd9aedeebf1dba67e8def9531c89bc989ecfdf1de42e5bfcaf1b8cd9294719"
url = "https://github.com/oven-sh/bun/releases/download/bun-v1.3.14/bun-linux-x64-musl.zip"

[tools.bun."platforms.linux-x64-musl-baseline"]
checksum = "sha256:56a7d6806cf155536c0178f0ea5fbd098e684fa509ebdb4fc0a7e19fb65382dc"
url = "https://github.com/oven-sh/bun/releases/download/bun-v1.3.14/bun-linux-x64-musl-baseline.zip"

[tools.bun."platforms.macos-arm64"]
checksum = "sha256:d8b96221828ad6f97ac7ac0ab7e95872341af763001e8803e8267652c2652620"
url = "https://github.com/oven-sh/bun/releases/download/bun-v1.3.14/bun-darwin-aarch64.zip"

[tools.bun."platforms.macos-x64"]
checksum = "sha256:4183df3374623e5bab315c547cfa0974533cd457d86b73b639f7a87974cd6633"
url = "https://github.com/oven-sh/bun/releases/download/bun-v1.3.14/bun-darwin-x64.zip"

[tools.bun."platforms.macos-x64-baseline"]
checksum = "sha256:3e35ad6f53971a9834bf9e6786e2adf72b5f1921cc9a9c5fde073d2972944076"
url = "https://github.com/oven-sh/bun/releases/download/bun-v1.3.14/bun-darwin-x64-baseline.zip"

[[tools."cargo:eza"]]
version = "0.23.4"
backend = "cargo:eza"

[[tools."cargo:pueue"]]
version = "4.0.4"
backend = "cargo:pueue"

[[tools.chezmoi]]
version = "2.71.0"
backend = "aqua:twpayne/chezmoi"

[tools.chezmoi."platforms.linux-arm64"]
checksum = "sha256:d8fb35f9d43237b4f6d022cad40e1094957b990cfaee5f3b131ded65422b0983"
url = "https://github.com/twpayne/chezmoi/releases/download/v2.71.0/chezmoi_2.71.0_linux_arm64.tar.gz"
url_api = "https://api.github.com/repos/twpayne/chezmoi/releases/assets/469677950"
provenance = "cosign"

[tools.chezmoi."platforms.linux-x64"]
checksum = "sha256:6ea2040ecc0e82d3dac604289e100b0157afefcd94ebb818e5f6e31655156d34"
url = "https://github.com/twpayne/chezmoi/releases/download/v2.71.0/chezmoi_2.71.0_linux_amd64.tar.gz"
url_api = "https://api.github.com/repos/twpayne/chezmoi/releases/assets/469677724"
provenance = "cosign"

[tools.chezmoi."platforms.macos-arm64"]
checksum = "sha256:8b03d7be6b5d500a503c712ae6da7dd6817b6c3328223b4ae8be7a8be5a2fa3a"
url = "https://github.com/twpayne/chezmoi/releases/download/v2.71.0/chezmoi_2.71.0_darwin_arm64.tar.gz"
url_api = "https://api.github.com/repos/twpayne/chezmoi/releases/assets/469677947"
provenance = "cosign"

[tools.chezmoi."platforms.macos-x64"]
checksum = "sha256:12b78b365528597ad701f5117fa71f6c42b5b1e65d8075e19c48472ad81faf30"
url = "https://github.com/twpayne/chezmoi/releases/download/v2.71.0/chezmoi_2.71.0_darwin_amd64.tar.gz"
url_api = "https://api.github.com/repos/twpayne/chezmoi/releases/assets/469677665"
provenance = "cosign"

[[tools.cmake]]
version = "4.3.3"
backend = "aqua:Kitware/CMake"

[tools.cmake."platforms.linux-arm64"]
checksum = "sha256:9ea38356dbd3e32e51029a3e09a0f2f8e117ef4fbcaad7a21ffb36409bbd5cb4"
url = "https://github.com/Kitware/CMake/releases/download/v4.3.3/cmake-4.3.3-linux-aarch64.tar.gz"
url_api = "https://api.github.com/repos/Kitware/CMake/releases/assets/426406946"

[tools.cmake."platforms.linux-x64"]
checksum = "sha256:927b2368a946c37269c3a66225ab00544e756459cdd0b5d0da438694fb9ff802"
url = "https://github.com/Kitware/CMake/releases/download/v4.3.3/cmake-4.3.3-linux-x86_64.tar.gz"
url_api = "https://api.github.com/repos/Kitware/CMake/releases/assets/426407023"

[tools.cmake."platforms.macos-arm64"]
checksum = "sha256:5221a13450c7a0219a2a0d1b6c9085eb06489721fafd8488ccebc1584175d2fb"
url = "https://github.com/Kitware/CMake/releases/download/v4.3.3/cmake-4.3.3-macos-universal.tar.gz"
url_api = "https://api.github.com/repos/Kitware/CMake/releases/assets/426407094"

[tools.cmake."platforms.macos-x64"]
checksum = "sha256:5221a13450c7a0219a2a0d1b6c9085eb06489721fafd8488ccebc1584175d2fb"
url = "https://github.com/Kitware/CMake/releases/download/v4.3.3/cmake-4.3.3-macos-universal.tar.gz"
url_api = "https://api.github.com/repos/Kitware/CMake/releases/assets/426407094"

[[tools.dotenvx]]
version = "2.7.3"
backend = "aqua:dotenvx/dotenvx"

[tools.dotenvx."platforms.linux-arm64"]
checksum = "sha256:2aafa6a7cd0f68353ed2ecc22a52de1eb51c967b22e94c680ac26e5e51d504c4"
url = "https://github.com/dotenvx/dotenvx/releases/download/v2.7.3/dotenvx-2.7.3-linux-aarch64.tar.gz"
url_api = "https://api.github.com/repos/dotenvx/dotenvx/releases/assets/476125956"

[tools.dotenvx."platforms.linux-x64"]
checksum = "sha256:ad8c1b1cf5baa11275a503622c38192885e74771da98b57ff0cd1ce52258fb30"
url = "https://github.com/dotenvx/dotenvx/releases/download/v2.7.3/dotenvx-2.7.3-linux-amd64.tar.gz"
url_api = "https://api.github.com/repos/dotenvx/dotenvx/releases/assets/476125952"

[tools.dotenvx."platforms.macos-arm64"]
checksum = "sha256:49db0dbb95c8f9de293710bab5403d74ace7c649c4b2a9bb353ac3cf9b97fe09"
url = "https://github.com/dotenvx/dotenvx/releases/download/v2.7.3/dotenvx-2.7.3-darwin-arm64.tar.gz"
url_api = "https://api.github.com/repos/dotenvx/dotenvx/releases/assets/476125960"

[tools.dotenvx."platforms.macos-x64"]
checksum = "sha256:0964ed1fdc13afd9d1ee5eb31db3bb3f1b6b86480da003006dafa9994b602ea1"
url = "https://github.com/dotenvx/dotenvx/releases/download/v2.7.3/dotenvx-2.7.3-darwin-amd64.tar.gz"
url_api = "https://api.github.com/repos/dotenvx/dotenvx/releases/assets/476125954"

[[tools.fd]]
version = "10.3.0"
backend = "aqua:sharkdp/fd"

[tools.fd."platforms.linux-arm64"]
checksum = "sha256:996b9b1366433b211cb3bbedba91c9dbce2431842144d925428ead0adf32020b"
url = "https://github.com/sharkdp/fd/releases/download/v10.3.0/fd-v10.3.0-aarch64-unknown-linux-musl.tar.gz"
url_api = "https://api.github.com/repos/sharkdp/fd/releases/assets/286314809"

[tools.fd."platforms.linux-x64"]
checksum = "sha256:2b6bfaae8c48f12050813c2ffe1884c61ea26e750d803df9c9114550a314cd14"
url = "https://github.com/sharkdp/fd/releases/download/v10.3.0/fd-v10.3.0-x86_64-unknown-linux-musl.tar.gz"
url_api = "https://api.github.com/repos/sharkdp/fd/releases/assets/286314841"

[tools.fd."platforms.macos-arm64"]
checksum = "sha256:0570263812089120bc2a5d84f9e65cd0c25e4a4d724c80075c357239c74ae904"
url = "https://github.com/sharkdp/fd/releases/download/v10.3.0/fd-v10.3.0-aarch64-apple-darwin.tar.gz"
url_api = "https://api.github.com/repos/sharkdp/fd/releases/assets/286314251"

[tools.fd."platforms.macos-x64"]
checksum = "sha256:50d30f13fe3d5914b14c4fff5abcbd4d0cdab4b855970a6956f4f006c17117a3"
url = "https://github.com/sharkdp/fd/releases/download/v10.3.0/fd-v10.3.0-x86_64-apple-darwin.tar.gz"
url_api = "https://api.github.com/repos/sharkdp/fd/releases/assets/286315525"

[[tools."github:cli/cli"]]
version = "2.96.0"
backend = "github:cli/cli"

[tools."github:cli/cli"."platforms.linux-arm64"]
checksum = "sha256:06f86ec7103d41993b76cd78072f43595c34aaa56506d971d9860e67140bf909"
url = "https://github.com/cli/cli/releases/download/v2.96.0/gh_2.96.0_linux_arm64.tar.gz"
url_api = "https://api.github.com/repos/cli/cli/releases/assets/464728549"
provenance = "github-attestations"

[tools."github:cli/cli"."platforms.linux-x64"]
checksum = "sha256:83d5c2ccad5498f58bf6368acb1ab32588cf43ab3a4b1c301bf36328b1c8bd60"
url = "https://github.com/cli/cli/releases/download/v2.96.0/gh_2.96.0_linux_amd64.tar.gz"
url_api = "https://api.github.com/repos/cli/cli/releases/assets/464728543"
provenance = "github-attestations"

[tools."github:cli/cli"."platforms.macos-arm64"]
checksum = "sha256:f23a0c37d963aacc3bed703ccbd59b41c5ca22101fab7f00eb2b7cad23aba463"
url = "https://github.com/cli/cli/releases/download/v2.96.0/gh_2.96.0_macOS_arm64.zip"
url_api = "https://api.github.com/repos/cli/cli/releases/assets/464728562"
provenance = "github-attestations"

[tools."github:cli/cli"."platforms.macos-x64"]
checksum = "sha256:4bd449df9ad639391bc62b8032546f0fe9edcd8526e06682a4f88abd8c5d163c"
url = "https://github.com/cli/cli/releases/download/v2.96.0/gh_2.96.0_macOS_amd64.zip"
url_api = "https://api.github.com/repos/cli/cli/releases/assets/464728560"
provenance = "github-attestations"

[[tools."github:d-kuro/gwq"]]
version = "0.1.1"
backend = "github:d-kuro/gwq"

[tools."github:d-kuro/gwq"."platforms.linux-arm64"]
checksum = "sha256:b5646120162c01eef4f2cd989eb1ec9fde6fa1caaf5aeb193f24556513924027"
url = "https://github.com/d-kuro/gwq/releases/download/v0.1.1/gwq_Linux_arm64.tar.gz"
url_api = "https://api.github.com/repos/d-kuro/gwq/releases/assets/410341162"

[tools."github:d-kuro/gwq"."platforms.linux-x64"]
checksum = "sha256:a0ef2fe46b5957fa73017a085d5bf44101314ac9b6a1874532054cea4ce6d394"
url = "https://github.com/d-kuro/gwq/releases/download/v0.1.1/gwq_Linux_x86_64.tar.gz"
url_api = "https://api.github.com/repos/d-kuro/gwq/releases/assets/410341157"

[tools."github:d-kuro/gwq"."platforms.macos-arm64"]
checksum = "sha256:1b8b58004bce2ff1b85b1246e6b3b14eca89a0a95879696ee6c75cf48e7bd7fb"
url = "https://github.com/d-kuro/gwq/releases/download/v0.1.1/gwq_Darwin_arm64.tar.gz"
url_api = "https://api.github.com/repos/d-kuro/gwq/releases/assets/410341158"

[tools."github:d-kuro/gwq"."platforms.macos-x64"]
checksum = "sha256:667aa6973e1cf1eb0c00600c4fc480a1c93d979ed99cdf3cae63dcbc484a6f6b"
url = "https://github.com/d-kuro/gwq/releases/download/v0.1.1/gwq_Darwin_x86_64.tar.gz"
url_api = "https://api.github.com/repos/d-kuro/gwq/releases/assets/410341155"

[[tools."github:mikefarah/yq"]]
version = "4.53.3"
backend = "github:mikefarah/yq"

[tools."github:mikefarah/yq"."platforms.linux-arm64"]
checksum = "sha256:42600522e7455282e11c71c9fc62dc8e98b05bcdb830210fe16eb673a871e866"
url = "https://github.com/mikefarah/yq/releases/download/v4.53.3/yq_linux_arm64.tar.gz"
url_api = "https://api.github.com/repos/mikefarah/yq/releases/assets/440146748"
provenance = "github-attestations"

[tools."github:mikefarah/yq"."platforms.linux-x64"]
checksum = "sha256:b4077cab0f9ee5ce8381e602d090daa69a0afb7e57eb9a5b20e9cb416d7f6794"
url = "https://github.com/mikefarah/yq/releases/download/v4.53.3/yq_linux_amd64.tar.gz"
url_api = "https://api.github.com/repos/mikefarah/yq/releases/assets/440146764"
provenance = "github-attestations"

[tools."github:mikefarah/yq"."platforms.macos-arm64"]
checksum = "sha256:8415210a2c06e706e4037ccbbfc0d0e35c2518683da21a432d28258752567474"
url = "https://github.com/mikefarah/yq/releases/download/v4.53.3/yq_darwin_arm64.tar.gz"
url_api = "https://api.github.com/repos/mikefarah/yq/releases/assets/440146761"
provenance = "github-attestations"

[tools."github:mikefarah/yq"."platforms.macos-x64"]
checksum = "sha256:d39a3296b56bdd0e1c78cdda0cb54baf854b1d492c84aef9023411e1c8d7537f"
url = "https://github.com/mikefarah/yq/releases/download/v4.53.3/yq_darwin_amd64.tar.gz"
url_api = "https://api.github.com/repos/mikefarah/yq/releases/assets/440146768"
provenance = "github-attestations"

[[tools."github:ogulcancelik/herdr"]]
version = "0.7.4"
backend = "github:ogulcancelik/herdr"

[tools."github:ogulcancelik/herdr"."platforms.linux-arm64"]
checksum = "sha256:544e0002de42806d1ab64ccdef3a7e7414f24717b0b6b022bc9e57d2eefd26a2"
url = "https://github.com/ogulcancelik/herdr/releases/download/v0.7.4/herdr-linux-aarch64"
url_api = "https://api.github.com/repos/ogulcancelik/herdr/releases/assets/478145774"

[tools."github:ogulcancelik/herdr"."platforms.linux-x64"]
checksum = "sha256:bc0fc02d4ba500f9cac2353a43e67fe036785ecca6eb55378e050fac3c103059"
url = "https://github.com/ogulcancelik/herdr/releases/download/v0.7.4/herdr-linux-x86_64"
url_api = "https://api.github.com/repos/ogulcancelik/herdr/releases/assets/478145777"

[tools."github:ogulcancelik/herdr"."platforms.macos-arm64"]
checksum = "sha256:24992e1625dbdcb18354a59e299e4b263c312400b31396cdc07cd46ed57f24a7"
url = "https://github.com/ogulcancelik/herdr/releases/download/v0.7.4/herdr-macos-aarch64"
url_api = "https://api.github.com/repos/ogulcancelik/herdr/releases/assets/478145773"

[tools."github:ogulcancelik/herdr"."platforms.macos-x64"]
checksum = "sha256:ddf430133352e1712413d5d865b34a485546f4658893fc89986257d65a7585a8"
url = "https://github.com/ogulcancelik/herdr/releases/download/v0.7.4/herdr-macos-x86_64"
url_api = "https://api.github.com/repos/ogulcancelik/herdr/releases/assets/478145775"

[[tools."github:shuntaka9576/blocc"]]
version = "0.6.0"
backend = "github:shuntaka9576/blocc"

[tools."github:shuntaka9576/blocc"."platforms.linux-x64"]
checksum = "sha256:bba3e4ce3028ff664117fe5401676490a3c8242f2b09afbda6f11dfe1e934cfa"
url = "https://github.com/shuntaka9576/blocc/releases/download/v0.6.0/blocc_0.6.0_Linux_amd64.tar.gz"
url_api = "https://api.github.com/repos/shuntaka9576/blocc/releases/assets/279451242"

[tools."github:shuntaka9576/blocc"."platforms.macos-x64"]
checksum = "sha256:b3a983705a02b0ca6cd0253f9582a3884a4b2288f120e54cbce7dcc9383942ce"
url = "https://github.com/shuntaka9576/blocc/releases/download/v0.6.0/blocc_0.6.0_Darwin_amd64.tar.gz"
url_api = "https://api.github.com/repos/shuntaka9576/blocc/releases/assets/279451245"

[[tools."github:x-motemen/ghq"]]
version = "1.10.1"
backend = "github:x-motemen/ghq"

[tools."github:x-motemen/ghq"."platforms.linux-arm64"]
checksum = "sha256:7ed154f62751e91c8a2d415280caeeba3d114050d01e39f3d0f4aa1be15f3954"
url = "https://github.com/x-motemen/ghq/releases/download/v1.10.1/ghq_linux_arm64.zip"
url_api = "https://api.github.com/repos/x-motemen/ghq/releases/assets/394135805"

[tools."github:x-motemen/ghq"."platforms.linux-x64"]
checksum = "sha256:32e380aa8ac76fdd58758cc06174d9ee5db7270bd0cbcc18138b5d36def91b6b"
url = "https://github.com/x-motemen/ghq/releases/download/v1.10.1/ghq_linux_amd64.zip"
url_api = "https://api.github.com/repos/x-motemen/ghq/releases/assets/394135802"

[tools."github:x-motemen/ghq"."platforms.macos-arm64"]
checksum = "sha256:5e3100de0c5a248eebe6ab176ad94d6e12386af70a58c535368a4301861b1398"
url = "https://github.com/x-motemen/ghq/releases/download/v1.10.1/ghq_darwin_arm64.zip"
url_api = "https://api.github.com/repos/x-motemen/ghq/releases/assets/394135804"

[tools."github:x-motemen/ghq"."platforms.macos-x64"]
checksum = "sha256:491e88380b817eee3ab5a3aa09dbe8491b9495a0ffc5223b60e7f4679a97a8eb"
url = "https://github.com/x-motemen/ghq/releases/download/v1.10.1/ghq_darwin_amd64.zip"
url_api = "https://api.github.com/repos/x-motemen/ghq/releases/assets/394135808"

[[tools."http:bats"]]
version = "1.13.0"
backend = "http:bats"

[tools."http:bats".options]
strip_components = "1"

[tools."http:bats"."platforms.linux-arm64"]
checksum = "sha256:a85e12b8828271a152b338ca8109aa23493b57950987c8e6dff97ba492772ff3"
url = "https://github.com/bats-core/bats-core/archive/refs/tags/v1.13.0.tar.gz"

[tools."http:bats"."platforms.linux-x64"]
checksum = "sha256:a85e12b8828271a152b338ca8109aa23493b57950987c8e6dff97ba492772ff3"
url = "https://github.com/bats-core/bats-core/archive/refs/tags/v1.13.0.tar.gz"

[tools."http:bats"."platforms.macos-arm64"]
checksum = "sha256:a85e12b8828271a152b338ca8109aa23493b57950987c8e6dff97ba492772ff3"
url = "https://github.com/bats-core/bats-core/archive/refs/tags/v1.13.0.tar.gz"

[tools."http:bats"."platforms.macos-x64"]
checksum = "sha256:a85e12b8828271a152b338ca8109aa23493b57950987c8e6dff97ba492772ff3"
url = "https://github.com/bats-core/bats-core/archive/refs/tags/v1.13.0.tar.gz"

[[tools."http:gcloud"]]
version = "575.0.1"
backend = "http:gcloud"

[tools."http:gcloud"."platforms.linux-arm64"]
checksum = "sha256:e5c3a354d4c5775eccede626746547d6d3dc3f59db350f62f05dbc604eec5e3f"
url = "https://storage.googleapis.com/cloud-sdk-release/google-cloud-cli-575.0.1-linux-arm.tar.gz"

[tools."http:gcloud"."platforms.linux-x64"]
checksum = "sha256:38198fa76b1aa64a332fadca7dba45f96c6dbb5cd9e77f173f9d6a65443e37ab"
url = "https://storage.googleapis.com/cloud-sdk-release/google-cloud-cli-575.0.1-linux-x86_64.tar.gz"

[tools."http:gcloud"."platforms.macos-arm64"]
checksum = "sha256:055892517a1101903938bbc1006c02feb639ec7efff8b25509c72e9a20351b3c"
url = "https://storage.googleapis.com/cloud-sdk-release/google-cloud-cli-575.0.1-darwin-arm.tar.gz"

[tools."http:gcloud"."platforms.macos-x64"]
checksum = "sha256:0f9b0f45e5dff30d8c67c0f9ceb4d64b03497efa9135849b80ecf0cd0706009c"
url = "https://storage.googleapis.com/cloud-sdk-release/google-cloud-cli-575.0.1-darwin-x86_64.tar.gz"

[[tools.hugo-extended]]
version = "0.164.0"
backend = "aqua:gohugoio/hugo/hugo-extended"

[tools.hugo-extended."platforms.linux-arm64"]
checksum = "sha256:232d3bc2d1d9510625985ff7c89767598ffea5bc6e5e2882c791313f5a43f723"
url = "https://github.com/gohugoio/hugo/releases/download/v0.164.0/hugo_extended_0.164.0_linux-arm64.tar.gz"
url_api = "https://api.github.com/repos/gohugoio/hugo/releases/assets/468320261"

[tools.hugo-extended."platforms.linux-x64"]
checksum = "sha256:fea17b8c076f950bb2e9f9486667bdaa29422883888d509d63931c73e8a9b3a4"
url = "https://github.com/gohugoio/hugo/releases/download/v0.164.0/hugo_extended_0.164.0_linux-amd64.tar.gz"
url_api = "https://api.github.com/repos/gohugoio/hugo/releases/assets/468320235"

[tools.hugo-extended."platforms.macos-arm64"]
checksum = "sha256:618491f40cbb36a9f55d4da761c55d89f79312130f926ff7f3e1dfa83ca15eb0"
url = "https://github.com/gohugoio/hugo/releases/download/v0.164.0/hugo_extended_0.164.0_darwin-universal.pkg"
url_api = "https://api.github.com/repos/gohugoio/hugo/releases/assets/468320276"

[tools.hugo-extended."platforms.macos-x64"]
checksum = "sha256:618491f40cbb36a9f55d4da761c55d89f79312130f926ff7f3e1dfa83ca15eb0"
url = "https://github.com/gohugoio/hugo/releases/download/v0.164.0/hugo_extended_0.164.0_darwin-universal.pkg"
url_api = "https://api.github.com/repos/gohugoio/hugo/releases/assets/468320276"

[[tools.jq]]
version = "1.8.2"
backend = "aqua:jqlang/jq"

[tools.jq."platforms.linux-arm64"]
checksum = "sha256:8b85c817833814ddca00a144c33705546355afccf0cf39b188f3cdb48b852309"
url = "https://github.com/jqlang/jq/releases/download/jq-1.8.2/jq-linux-arm64"
url_api = "https://api.github.com/repos/jqlang/jq/releases/assets/453012756"
provenance = "github-attestations"

[tools.jq."platforms.linux-x64"]
checksum = "sha256:b1c22172dd303f3be49e935aa56aa48a8b7a46e0bc838b4997d3bb451495870f"
url = "https://github.com/jqlang/jq/releases/download/jq-1.8.2/jq-linux-amd64"
url_api = "https://api.github.com/repos/jqlang/jq/releases/assets/453012752"
provenance = "github-attestations"

[tools.jq."platforms.macos-arm64"]
checksum = "sha256:2d75340ba57a4b4b4c8708a21c2dc8e958a48aaa8bba13b27f77f6e4c0eca07e"
url = "https://github.com/jqlang/jq/releases/download/jq-1.8.2/jq-macos-arm64"
url_api = "https://api.github.com/repos/jqlang/jq/releases/assets/453012783"
provenance = "github-attestations"

[tools.jq."platforms.macos-x64"]
checksum = "sha256:e94b266e3c26690550006abe63152b782280f4e14374accdf04cbde844f00bc0"
url = "https://github.com/jqlang/jq/releases/download/jq-1.8.2/jq-macos-amd64"
url_api = "https://api.github.com/repos/jqlang/jq/releases/assets/453012782"
provenance = "github-attestations"

[[tools.node]]
version = "26.5.0"
backend = "core:node"

[tools.node."platforms.linux-arm64"]
checksum = "sha256:308e5fe89a82461ba5a6cf15ff5221b2cdbd7ae87600aa72bb3c3fbdc66412d1"
url = "https://nodejs.org/dist/v26.5.0/node-v26.5.0-linux-arm64.tar.gz"

[tools.node."platforms.linux-x64"]
checksum = "sha256:22b5f47ad6ae78837e4c2b846019965ce1a06ba143de176102294a1bf44fc677"
url = "https://nodejs.org/dist/v26.5.0/node-v26.5.0-linux-x64.tar.gz"

[tools.node."platforms.macos-arm64"]
checksum = "sha256:ee920559aaa2391569cff4d737e3b83963430e3a14dedd91bfe0ff53171b5af9"
url = "https://nodejs.org/dist/v26.5.0/node-v26.5.0-darwin-arm64.tar.gz"

[tools.node."platforms.macos-x64"]
checksum = "sha256:98293394c945a24e64e00b4177bf075ec963ea70b34d1d2e24bd4a71716d334f"
url = "https://nodejs.org/dist/v26.5.0/node-v26.5.0-darwin-x64.tar.gz"

[[tools."npm:@anthropic-ai/claude-code"]]
version = "2.1.216"
backend = "npm:@anthropic-ai/claude-code"

[[tools."npm:@openai/codex"]]
version = "0.144.6"
backend = "npm:@openai/codex"

[[tools."npm:bash-language-server"]]
version = "5.6.0"
backend = "npm:bash-language-server"

[[tools."npm:ccstatusline"]]
version = "2.2.23"
backend = "npm:ccstatusline"

[[tools."npm:ccusage"]]
version = "20.0.17"
backend = "npm:ccusage"

[[tools."npm:fast-cli"]]
version = "5.2.0"
backend = "npm:fast-cli"

[[tools."npm:pyright"]]
version = "1.1.411"
backend = "npm:pyright"

[[tools.python]]
version = "3.14.6"
backend = "core:python"

[tools.python."platforms.linux-arm64"]
checksum = "sha256:f177d40ca931df03f660fc006f86ad8cd2ac6e7d6b5d54edbc625103464fc4aa"
url = "https://github.com/astral-sh/python-build-standalone/releases/download/20260623/cpython-3.14.6+20260623-aarch64-unknown-linux-gnu-install_only_stripped.tar.gz"
provenance = "github-attestations"

[tools.python."platforms.linux-x64"]
checksum = "sha256:c172314f4a8ec137a8f605289010c3d19c8b56867d968f0095074cc68efa1d29"
url = "https://github.com/astral-sh/python-build-standalone/releases/download/20260623/cpython-3.14.6+20260623-x86_64-unknown-linux-gnu-install_only_stripped.tar.gz"
provenance = "github-attestations"

[tools.python."platforms.macos-arm64"]
checksum = "blake3:4d4071b155629f4b8ab336b493e08d5e2ae10369706400f01833aafaa4a8838e"
url = "https://github.com/astral-sh/python-build-standalone/releases/download/20260623/cpython-3.14.6+20260623-aarch64-apple-darwin-install_only_stripped.tar.gz"
provenance = "github-attestations"

[tools.python."platforms.macos-x64"]
checksum = "sha256:12fb3ea3d6a855fe6ca1c2241702b06cb7e5939fbef09a5f54bf326e480f66af"
url = "https://github.com/astral-sh/python-build-standalone/releases/download/20260623/cpython-3.14.6+20260623-x86_64-apple-darwin-install_only_stripped.tar.gz"
provenance = "github-attestations"

[[tools.rust]]
version = "1.97.0"
backend = "core:rust"

[[tools.shellcheck]]
version = "0.11.0"
backend = "aqua:koalaman/shellcheck"

[tools.shellcheck."platforms.linux-arm64"]
checksum = "sha256:12b331c1d2db6b9eb13cfca64306b1b157a86eb69db83023e261eaa7e7c14588"
url = "https://github.com/koalaman/shellcheck/releases/download/v0.11.0/shellcheck-v0.11.0.linux.aarch64.tar.xz"
url_api = "https://api.github.com/repos/koalaman/shellcheck/releases/assets/279056934"

[tools.shellcheck."platforms.linux-x64"]
checksum = "sha256:8c3be12b05d5c177a04c29e3c78ce89ac86f1595681cab149b65b97c4e227198"
url = "https://github.com/koalaman/shellcheck/releases/download/v0.11.0/shellcheck-v0.11.0.linux.x86_64.tar.xz"
url_api = "https://api.github.com/repos/koalaman/shellcheck/releases/assets/279056942"

[tools.shellcheck."platforms.macos-arm64"]
checksum = "sha256:56affdd8de5527894dca6dc3d7e0a99a873b0f004d7aabc30ae407d3f48b0a79"
url = "https://github.com/koalaman/shellcheck/releases/download/v0.11.0/shellcheck-v0.11.0.darwin.aarch64.tar.xz"
url_api = "https://api.github.com/repos/koalaman/shellcheck/releases/assets/279056932"

[tools.shellcheck."platforms.macos-x64"]
checksum = "sha256:3c89db4edcab7cf1c27bff178882e0f6f27f7afdf54e859fa041fca10febe4c6"
url = "https://github.com/koalaman/shellcheck/releases/download/v0.11.0/shellcheck-v0.11.0.darwin.x86_64.tar.xz"
url_api = "https://api.github.com/repos/koalaman/shellcheck/releases/assets/279056930"

[[tools.shfmt]]
version = "3.13.1"
backend = "aqua:mvdan/sh"

[tools.shfmt."platforms.linux-arm64"]
checksum = "sha256:32d92acaa5cd8abb29fc49dac123dc412442d5713967819d8af2c29f1b3857c7"
url = "https://github.com/mvdan/sh/releases/download/v3.13.1/shfmt_v3.13.1_linux_arm64"
url_api = "https://api.github.com/repos/mvdan/sh/releases/assets/390322859"

[tools.shfmt."platforms.linux-x64"]
checksum = "sha256:fb096c5d1ac6beabbdbaa2874d025badb03ee07929f0c9ff67563ce8c75398b1"
url = "https://github.com/mvdan/sh/releases/download/v3.13.1/shfmt_v3.13.1_linux_amd64"
url_api = "https://api.github.com/repos/mvdan/sh/releases/assets/390322866"

[tools.shfmt."platforms.macos-arm64"]
checksum = "sha256:9680526be4a66ea1ffe988ed08af58e1400fe1e4f4aef5bd88b20bb9b3da33f8"
url = "https://github.com/mvdan/sh/releases/download/v3.13.1/shfmt_v3.13.1_darwin_arm64"
url_api = "https://api.github.com/repos/mvdan/sh/releases/assets/390322881"

[tools.shfmt."platforms.macos-x64"]
checksum = "sha256:6feedafc72915794163114f512348e2437d080d0047ef8b8fa2ec63b575f12af"
url = "https://github.com/mvdan/sh/releases/download/v3.13.1/shfmt_v3.13.1_darwin_amd64"
url_api = "https://api.github.com/repos/mvdan/sh/releases/assets/390322886"

[[tools.uv]]
version = "0.11.28"
backend = "aqua:astral-sh/uv"

[tools.uv."platforms.linux-arm64"]
checksum = "sha256:da10cdfa7d92212b7acb62021a0fd61bcf8580c58c3632ec915d10c3a1a7906b"
url = "https://github.com/astral-sh/uv/releases/download/0.11.28/uv-aarch64-unknown-linux-musl.tar.gz"
url_api = "https://api.github.com/repos/astral-sh/uv/releases/assets/469655715"
provenance = "github-attestations"

[tools.uv."platforms.linux-x64"]
checksum = "sha256:f02146b371c35c287d860f003ece7345c86e358a3fd70a9b63700cd141ee7fb4"
url = "https://github.com/astral-sh/uv/releases/download/0.11.28/uv-x86_64-unknown-linux-musl.tar.gz"
url_api = "https://api.github.com/repos/astral-sh/uv/releases/assets/469655835"
provenance = "github-attestations"

[tools.uv."platforms.macos-arm64"]
checksum = "sha256:33540eb7c883ab857eff79bd5ac2aa31fe27b595abecb4a9c003a2c998447232"
url = "https://github.com/astral-sh/uv/releases/download/0.11.28/uv-aarch64-apple-darwin.tar.gz"
url_api = "https://api.github.com/repos/astral-sh/uv/releases/assets/469655699"
provenance = "github-attestations"

[tools.uv."platforms.macos-x64"]
checksum = "sha256:2ad79983127ffca7d77b77ce6a24278d7e4f7b817a1acf72fea5f8124b4aac5e"
url = "https://github.com/astral-sh/uv/releases/download/0.11.28/uv-x86_64-apple-darwin.tar.gz"
url_api = "https://api.github.com/repos/astral-sh/uv/releases/assets/469655811"
provenance = "github-attestations"

[[tools.yazi]]
version = "26.5.6"
backend = "aqua:sxyazi/yazi"

[tools.yazi."platforms.linux-arm64"]
checksum = "sha256:dff4a6774069bdde616c3cd145275b462a5887229cd9bf6341e78063da37e84f"
url = "https://github.com/sxyazi/yazi/releases/download/v26.5.6/yazi-aarch64-unknown-linux-musl.zip"
url_api = "https://api.github.com/repos/sxyazi/yazi/releases/assets/412871963"

[tools.yazi."platforms.linux-x64"]
checksum = "sha256:1031a02560d053301537195a6661d227c15cb4ce5c30481050b31e2b88681bff"
url = "https://github.com/sxyazi/yazi/releases/download/v26.5.6/yazi-x86_64-unknown-linux-musl.zip"
url_api = "https://api.github.com/repos/sxyazi/yazi/releases/assets/412871954"

[tools.yazi."platforms.macos-arm64"]
checksum = "sha256:7abd71725e2fe27bed036becbf6ce79fa17964eb68491d34190011c94b8c7ca8"
url = "https://github.com/sxyazi/yazi/releases/download/v26.5.6/yazi-aarch64-apple-darwin.zip"
url_api = "https://api.github.com/repos/sxyazi/yazi/releases/assets/412871956"

[tools.yazi."platforms.macos-x64"]
checksum = "sha256:6846066f992c1688d8ec77431a3ab53f5ef268019fcef86e5649b8c27010868d"
url = "https://github.com/sxyazi/yazi/releases/download/v26.5.6/yazi-x86_64-apple-darwin.zip"
url_api = "https://api.github.com/repos/sxyazi/yazi/releases/assets/412871953"
