# @generated - this file is auto-generated by `mise lock` https://mise.jdx.dev/dev-tools/mise-lock.html

[[tools.age]]
version = "1.3.1"
backend = "aqua:FiloSottile/age"

[tools.age."platforms.linux-arm64"]
checksum = "sha256:c6878a324421b69e3e20b00ba17c04bc5c6dab0030cfe55bf8f68fa8d9e9093a"
url = "https://github.com/FiloSottile/age/releases/download/v1.3.1/age-v1.3.1-linux-arm64.tar.gz"
url_api = "https://api.github.com/repos/FiloSottile/age/releases/assets/333752668"
provenance = "github-attestations"

[tools.age."platforms.linux-x64"]
checksum = "sha256:bdc69c09cbdd6cf8b1f333d372a1f58247b3a33146406333e30c0f26e8f51377"
url = "https://github.com/FiloSottile/age/releases/download/v1.3.1/age-v1.3.1-linux-amd64.tar.gz"
url_api = "https://api.github.com/repos/FiloSottile/age/releases/assets/333752671"
provenance = "github-attestations"

[tools.age."platforms.macos-arm64"]
checksum = "sha256:01120ea2cbf0463d4c6bd767f99f3271bbed1cdc8a9aa718a76ba1fe4f01998b"
url = "https://github.com/FiloSottile/age/releases/download/v1.3.1/age-v1.3.1-darwin-arm64.tar.gz"
url_api = "https://api.github.com/repos/FiloSottile/age/releases/assets/333752669"
provenance = "github-attestations"

[tools.age."platforms.macos-x64"]
checksum = "sha256:2b233301ad21ab7b1eabd9ae1198a164005fa4928fcdd745d47c39f8593209d7"
url = "https://github.com/FiloSottile/age/releases/download/v1.3.1/age-v1.3.1-darwin-amd64.tar.gz"
url_api = "https://api.github.com/repos/FiloSottile/age/releases/assets/343881260"
provenance = "github-attestations"

[[tools."aqua:tak848/ccgate"]]
version = "0.9.5"
backend = "aqua:tak848/ccgate"

[tools."aqua:tak848/ccgate"."platforms.linux-arm64"]
checksum = "sha256:6faaeba52be1209a21efad8e6c41a7d15a16f45c43b15e196367ab6ee700d586"
url = "https://github.com/tak848/ccgate/releases/download/v0.9.5/ccgate-linux-arm64.tar.gz"
url_api = "https://api.github.com/repos/tak848/ccgate/releases/assets/464090951"

[tools."aqua:tak848/ccgate"."platforms.linux-x64"]
checksum = "sha256:95316a3c2b7e634e872e275917948d008bd7e46098768c20d87ba0303868e825"
url = "https://github.com/tak848/ccgate/releases/download/v0.9.5/ccgate-linux-amd64.tar.gz"
url_api = "https://api.github.com/repos/tak848/ccgate/releases/assets/464090943"

[tools."aqua:tak848/ccgate"."platforms.macos-arm64"]
checksum = "sha256:43338015830f4e426ae0ecfe9e2f8db997f87eb900b49fc2f34f6c663b2f8418"
url = "https://github.com/tak848/ccgate/releases/download/v0.9.5/ccgate-darwin-arm64.tar.gz"
url_api = "https://api.github.com/repos/tak848/ccgate/releases/assets/464090941"

[tools."aqua:tak848/ccgate"."platforms.macos-x64"]
checksum = "sha256:745f68f193997ab23263e69205426012a29ee067a7701b97be0720eea93e064c"
url = "https://github.com/tak848/ccgate/releases/download/v0.9.5/ccgate-darwin-amd64.tar.gz"
url_api = "https://api.github.com/repos/tak848/ccgate/releases/assets/464090944"

[[tools.bun]]
version = "1.3.14"
backend = "core:bun"

[tools.bun."platforms.linux-arm64"]
checksum = "sha256:a27ffb63a8310375836e0d6f668ae17fa8d8d18b88c37c821c65331973a19a3b"
url = "https://github.com/oven-sh/bun/releases/download/bun-v1.3.14/bun-linux-aarch64.zip"

[tools.bun."platforms.linux-arm64-musl"]
checksum = "sha256:b98e0ad3625c5c00d1d5b5ff55605c7adddbfae151861e68ade57b2d3b8703bb"
url = "https://github.com/oven-sh/bun/releases/download/bun-v1.3.14/bun-linux-aarch64-musl.zip"

[tools.bun."platforms.linux-x64"]
checksum = "sha256:951ee2aee855f08595aeec6225226a298d3fea83a3dcd6465c09cbccdf7e848f"
url = "https://github.com/oven-sh/bun/releases/download/bun-v1.3.14/bun-linux-x64.zip"

[tools.bun."platforms.linux-x64-baseline"]
checksum = "sha256:a063908ae08b7852ca10939bbdc6ceed3ddabce8fb9402dce83d65d73b36e6c7"
url = "https://github.com/oven-sh/bun/releases/download/bun-v1.3.14/bun-linux-x64-baseline.zip"

[tools.bun."platforms.linux-x64-musl"]
checksum = "sha256:14bd9aedeebf1dba67e8def9531c89bc989ecfdf1de42e5bfcaf1b8cd9294719"
url = "https://github.com/oven-sh/bun/releases/download/bun-v1.3.14/bun-linux-x64-musl.zip"

[tools.bun."platforms.linux-x64-musl-baseline"]
checksum = "sha256:56a7d6806cf155536c0178f0ea5fbd098e684fa509ebdb4fc0a7e19fb65382dc"
url = "https://github.com/oven-sh/bun/releases/download/bun-v1.3.14/bun-linux-x64-musl-baseline.zip"

[tools.bun."platforms.macos-arm64"]
checksum = "sha256:d8b96221828ad6f97ac7ac0ab7e95872341af763001e8803e8267652c2652620"
url = "https://github.com/oven-sh/bun/releases/download/bun-v1.3.14/bun-darwin-aarch64.zip"

[tools.bun."platforms.macos-x64"]
checksum = "sha256:4183df3374623e5bab315c547cfa0974533cd457d86b73b639f7a87974cd6633"
url = "https://github.com/oven-sh/bun/releases/download/bun-v1.3.14/bun-darwin-x64.zip"

[tools.bun."platforms.macos-x64-baseline"]
checksum = "sha256:3e35ad6f53971a9834bf9e6786e2adf72b5f1921cc9a9c5fde073d2972944076"
url = "https://github.com/oven-sh/bun/releases/download/bun-v1.3.14/bun-darwin-x64-baseline.zip"

[[tools."cargo:eza"]]
version = "0.23.5"
backend = "cargo:eza"

[[tools."cargo:pueue"]]
version = "4.0.4"
backend = "cargo:pueue"

[[tools.chezmoi]]
version = "2.70.5"
backend = "aqua:twpayne/chezmoi"

[tools.chezmoi."platforms.linux-arm64"]
checksum = "sha256:4f4f31d0a10ed3b955e814a5ae20075426e27c9d3a09f536bfa4a6c8718353f2"
url = "https://github.com/twpayne/chezmoi/releases/download/v2.70.5/chezmoi_2.70.5_linux_arm64.tar.gz"
url_api = "https://api.github.com/repos/twpayne/chezmoi/releases/assets/437664058"

[tools.chezmoi."platforms.linux-x64"]
checksum = "sha256:6a76a0ac3718f0d45b34b4b57067f9556f8f6042e3da710a3c496838362aca14"
url = "https://github.com/twpayne/chezmoi/releases/download/v2.70.5/chezmoi_2.70.5_linux_amd64.tar.gz"
url_api = "https://api.github.com/repos/twpayne/chezmoi/releases/assets/437663993"

[tools.chezmoi."platforms.macos-arm64"]
checksum = "sha256:c3531896769175089b9b2e9cf99b15a2357427f776289b66583a2432d69cd3cc"
url = "https://github.com/twpayne/chezmoi/releases/download/v2.70.5/chezmoi_2.70.5_darwin_arm64.tar.gz"
url_api = "https://api.github.com/repos/twpayne/chezmoi/releases/assets/437664008"

[tools.chezmoi."platforms.macos-x64"]
checksum = "sha256:6676e06f094e5b0860bd3642d203b71869b5cbeb8089155886bc54c1096b9d3c"
url = "https://github.com/twpayne/chezmoi/releases/download/v2.70.5/chezmoi_2.70.5_darwin_amd64.tar.gz"
url_api = "https://api.github.com/repos/twpayne/chezmoi/releases/assets/437663975"

[[tools.cmake]]
version = "4.3.3"
backend = "aqua:Kitware/CMake"

[tools.cmake."platforms.linux-arm64"]
checksum = "sha256:9ea38356dbd3e32e51029a3e09a0f2f8e117ef4fbcaad7a21ffb36409bbd5cb4"
url = "https://github.com/Kitware/CMake/releases/download/v4.3.3/cmake-4.3.3-linux-aarch64.tar.gz"
url_api = "https://api.github.com/repos/Kitware/CMake/releases/assets/426406946"

[tools.cmake."platforms.linux-x64"]
checksum = "sha256:927b2368a946c37269c3a66225ab00544e756459cdd0b5d0da438694fb9ff802"
url = "https://github.com/Kitware/CMake/releases/download/v4.3.3/cmake-4.3.3-linux-x86_64.tar.gz"
url_api = "https://api.github.com/repos/Kitware/CMake/releases/assets/426407023"

[tools.cmake."platforms.macos-arm64"]
checksum = "sha256:5221a13450c7a0219a2a0d1b6c9085eb06489721fafd8488ccebc1584175d2fb"
url = "https://github.com/Kitware/CMake/releases/download/v4.3.3/cmake-4.3.3-macos-universal.tar.gz"
url_api = "https://api.github.com/repos/Kitware/CMake/releases/assets/426407094"

[tools.cmake."platforms.macos-x64"]
checksum = "sha256:5221a13450c7a0219a2a0d1b6c9085eb06489721fafd8488ccebc1584175d2fb"
url = "https://github.com/Kitware/CMake/releases/download/v4.3.3/cmake-4.3.3-macos-universal.tar.gz"
url_api = "https://api.github.com/repos/Kitware/CMake/releases/assets/426407094"

[[tools.dotenvx]]
version = "2.1.4"
backend = "aqua:dotenvx/dotenvx"

[tools.dotenvx."platforms.linux-arm64"]
checksum = "sha256:c178c2ed9ad2917ced8d9782597e9d2bdc1d0d2caf9b1dc332ce0422df5c42db"
url = "https://github.com/dotenvx/dotenvx/releases/download/v2.1.4/dotenvx-2.1.4-linux-aarch64.tar.gz"
url_api = "https://api.github.com/repos/dotenvx/dotenvx/releases/assets/464825329"

[tools.dotenvx."platforms.linux-x64"]
checksum = "sha256:cced58e6a4a734a04f47c8094eb190e86aae2283837e40f47729a1e02c9c967d"
url = "https://github.com/dotenvx/dotenvx/releases/download/v2.1.4/dotenvx-2.1.4-linux-amd64.tar.gz"
url_api = "https://api.github.com/repos/dotenvx/dotenvx/releases/assets/464825332"

[tools.dotenvx."platforms.macos-arm64"]
checksum = "sha256:c61a48bd6fe3e131c5f71bada656487505bc48ed88fd1ea9d7ef87bbcbfe045a"
url = "https://github.com/dotenvx/dotenvx/releases/download/v2.1.4/dotenvx-2.1.4-darwin-arm64.tar.gz"
url_api = "https://api.github.com/repos/dotenvx/dotenvx/releases/assets/464825320"

[tools.dotenvx."platforms.macos-x64"]
checksum = "sha256:060371a3b521e61bbda779f05cf74116aa34017783449372ec10972c0f723753"
url = "https://github.com/dotenvx/dotenvx/releases/download/v2.1.4/dotenvx-2.1.4-darwin-amd64.tar.gz"
url_api = "https://api.github.com/repos/dotenvx/dotenvx/releases/assets/464825322"

[[tools.fd]]
version = "10.3.0"
backend = "aqua:sharkdp/fd"

[tools.fd."platforms.linux-arm64"]
checksum = "sha256:996b9b1366433b211cb3bbedba91c9dbce2431842144d925428ead0adf32020b"
url = "https://github.com/sharkdp/fd/releases/download/v10.3.0/fd-v10.3.0-aarch64-unknown-linux-musl.tar.gz"
url_api = "https://api.github.com/repos/sharkdp/fd/releases/assets/286314809"

[tools.fd."platforms.linux-x64"]
checksum = "sha256:2b6bfaae8c48f12050813c2ffe1884c61ea26e750d803df9c9114550a314cd14"
url = "https://github.com/sharkdp/fd/releases/download/v10.3.0/fd-v10.3.0-x86_64-unknown-linux-musl.tar.gz"
url_api = "https://api.github.com/repos/sharkdp/fd/releases/assets/286314841"

[tools.fd."platforms.macos-arm64"]
checksum = "sha256:0570263812089120bc2a5d84f9e65cd0c25e4a4d724c80075c357239c74ae904"
url = "https://github.com/sharkdp/fd/releases/download/v10.3.0/fd-v10.3.0-aarch64-apple-darwin.tar.gz"
url_api = "https://api.github.com/repos/sharkdp/fd/releases/assets/286314251"

[tools.fd."platforms.macos-x64"]
checksum = "sha256:50d30f13fe3d5914b14c4fff5abcbd4d0cdab4b855970a6956f4f006c17117a3"
url = "https://github.com/sharkdp/fd/releases/download/v10.3.0/fd-v10.3.0-x86_64-apple-darwin.tar.gz"
url_api = "https://api.github.com/repos/sharkdp/fd/releases/assets/286315525"

[[tools."github:cli/cli"]]
version = "2.96.0"
backend = "github:cli/cli"

[tools."github:cli/cli"."platforms.linux-arm64"]
checksum = "sha256:06f86ec7103d41993b76cd78072f43595c34aaa56506d971d9860e67140bf909"
url = "https://github.com/cli/cli/releases/download/v2.96.0/gh_2.96.0_linux_arm64.tar.gz"
url_api = "https://api.github.com/repos/cli/cli/releases/assets/464728549"
provenance = "github-attestations"

[tools."github:cli/cli"."platforms.linux-x64"]
checksum = "sha256:83d5c2ccad5498f58bf6368acb1ab32588cf43ab3a4b1c301bf36328b1c8bd60"
url = "https://github.com/cli/cli/releases/download/v2.96.0/gh_2.96.0_linux_amd64.tar.gz"
url_api = "https://api.github.com/repos/cli/cli/releases/assets/464728543"
provenance = "github-attestations"

[tools."github:cli/cli"."platforms.macos-arm64"]
checksum = "sha256:f23a0c37d963aacc3bed703ccbd59b41c5ca22101fab7f00eb2b7cad23aba463"
url = "https://github.com/cli/cli/releases/download/v2.96.0/gh_2.96.0_macOS_arm64.zip"
url_api = "https://api.github.com/repos/cli/cli/releases/assets/464728562"
provenance = "github-attestations"

[tools."github:cli/cli"."platforms.macos-x64"]
checksum = "sha256:4bd449df9ad639391bc62b8032546f0fe9edcd8526e06682a4f88abd8c5d163c"
url = "https://github.com/cli/cli/releases/download/v2.96.0/gh_2.96.0_macOS_amd64.zip"
url_api = "https://api.github.com/repos/cli/cli/releases/assets/464728560"
provenance = "github-attestations"

[[tools."github:d-kuro/gwq"]]
version = "0.1.1"
backend = "github:d-kuro/gwq"

[tools."github:d-kuro/gwq"."platforms.linux-arm64"]
checksum = "sha256:b5646120162c01eef4f2cd989eb1ec9fde6fa1caaf5aeb193f24556513924027"
url = "https://github.com/d-kuro/gwq/releases/download/v0.1.1/gwq_Linux_arm64.tar.gz"
url_api = "https://api.github.com/repos/d-kuro/gwq/releases/assets/410341162"

[tools."github:d-kuro/gwq"."platforms.linux-x64"]
checksum = "sha256:a0ef2fe46b5957fa73017a085d5bf44101314ac9b6a1874532054cea4ce6d394"
url = "https://github.com/d-kuro/gwq/releases/download/v0.1.1/gwq_Linux_x86_64.tar.gz"
url_api = "https://api.github.com/repos/d-kuro/gwq/releases/assets/410341157"

[tools."github:d-kuro/gwq"."platforms.macos-arm64"]
checksum = "sha256:1b8b58004bce2ff1b85b1246e6b3b14eca89a0a95879696ee6c75cf48e7bd7fb"
url = "https://github.com/d-kuro/gwq/releases/download/v0.1.1/gwq_Darwin_arm64.tar.gz"
url_api = "https://api.github.com/repos/d-kuro/gwq/releases/assets/410341158"

[tools."github:d-kuro/gwq"."platforms.macos-x64"]
checksum = "sha256:667aa6973e1cf1eb0c00600c4fc480a1c93d979ed99cdf3cae63dcbc484a6f6b"
url = "https://github.com/d-kuro/gwq/releases/download/v0.1.1/gwq_Darwin_x86_64.tar.gz"
url_api = "https://api.github.com/repos/d-kuro/gwq/releases/assets/410341155"

[[tools."github:mikefarah/yq"]]
version = "4.53.3"
backend = "github:mikefarah/yq"

[tools."github:mikefarah/yq"."platforms.linux-arm64"]
checksum = "sha256:42600522e7455282e11c71c9fc62dc8e98b05bcdb830210fe16eb673a871e866"
url = "https://github.com/mikefarah/yq/releases/download/v4.53.3/yq_linux_arm64.tar.gz"
url_api = "https://api.github.com/repos/mikefarah/yq/releases/assets/440146748"
provenance = "github-attestations"

[tools."github:mikefarah/yq"."platforms.linux-x64"]
checksum = "sha256:b4077cab0f9ee5ce8381e602d090daa69a0afb7e57eb9a5b20e9cb416d7f6794"
url = "https://github.com/mikefarah/yq/releases/download/v4.53.3/yq_linux_amd64.tar.gz"
url_api = "https://api.github.com/repos/mikefarah/yq/releases/assets/440146764"
provenance = "github-attestations"

[tools."github:mikefarah/yq"."platforms.macos-arm64"]
checksum = "sha256:8415210a2c06e706e4037ccbbfc0d0e35c2518683da21a432d28258752567474"
url = "https://github.com/mikefarah/yq/releases/download/v4.53.3/yq_darwin_arm64.tar.gz"
url_api = "https://api.github.com/repos/mikefarah/yq/releases/assets/440146761"
provenance = "github-attestations"

[tools."github:mikefarah/yq"."platforms.macos-x64"]
checksum = "sha256:d39a3296b56bdd0e1c78cdda0cb54baf854b1d492c84aef9023411e1c8d7537f"
url = "https://github.com/mikefarah/yq/releases/download/v4.53.3/yq_darwin_amd64.tar.gz"
url_api = "https://api.github.com/repos/mikefarah/yq/releases/assets/440146768"
provenance = "github-attestations"

[[tools."github:ogulcancelik/herdr"]]
version = "0.7.1"
backend = "github:ogulcancelik/herdr"

[tools."github:ogulcancelik/herdr"."platforms.linux-arm64"]
checksum = "sha256:3d757ac30c631e79dc45038c3ecc6423fe13a89f9cffa0f415aedd2c27f1576c"
url = "https://github.com/ogulcancelik/herdr/releases/download/v0.7.1/herdr-linux-aarch64"
url_api = "https://api.github.com/repos/ogulcancelik/herdr/releases/assets/456674305"

[tools."github:ogulcancelik/herdr"."platforms.linux-x64"]
checksum = "sha256:b965acaffc2c22f54b6e6c64af7cf8e98a3f4ac2622630a0599c67a4b9d8a654"
url = "https://github.com/ogulcancelik/herdr/releases/download/v0.7.1/herdr-linux-x86_64"
url_api = "https://api.github.com/repos/ogulcancelik/herdr/releases/assets/456674304"

[tools."github:ogulcancelik/herdr"."platforms.macos-arm64"]
checksum = "sha256:16f4653f0491ea1e7d2b46b5b02542f18e1b82e88daaf9e2900572e5bb634df8"
url = "https://github.com/ogulcancelik/herdr/releases/download/v0.7.1/herdr-macos-aarch64"
url_api = "https://api.github.com/repos/ogulcancelik/herdr/releases/assets/456674306"

[tools."github:ogulcancelik/herdr"."platforms.macos-x64"]
checksum = "sha256:5780fa07dbb9a78d79e52d20b86a61013f6cba02667f20b6cf89663015090846"
url = "https://github.com/ogulcancelik/herdr/releases/download/v0.7.1/herdr-macos-x86_64"
url_api = "https://api.github.com/repos/ogulcancelik/herdr/releases/assets/456674307"

[[tools."github:shuntaka9576/blocc"]]
version = "0.6.0"
backend = "github:shuntaka9576/blocc"

[tools."github:shuntaka9576/blocc"."platforms.linux-x64"]
checksum = "sha256:bba3e4ce3028ff664117fe5401676490a3c8242f2b09afbda6f11dfe1e934cfa"
url = "https://github.com/shuntaka9576/blocc/releases/download/v0.6.0/blocc_0.6.0_Linux_amd64.tar.gz"
url_api = "https://api.github.com/repos/shuntaka9576/blocc/releases/assets/279451242"

[tools."github:shuntaka9576/blocc"."platforms.macos-x64"]
checksum = "sha256:b3a983705a02b0ca6cd0253f9582a3884a4b2288f120e54cbce7dcc9383942ce"
url = "https://github.com/shuntaka9576/blocc/releases/download/v0.6.0/blocc_0.6.0_Darwin_amd64.tar.gz"
url_api = "https://api.github.com/repos/shuntaka9576/blocc/releases/assets/279451245"

[[tools."github:x-motemen/ghq"]]
version = "1.10.1"
backend = "github:x-motemen/ghq"

[tools."github:x-motemen/ghq"."platforms.linux-arm64"]
checksum = "sha256:7ed154f62751e91c8a2d415280caeeba3d114050d01e39f3d0f4aa1be15f3954"
url = "https://github.com/x-motemen/ghq/releases/download/v1.10.1/ghq_linux_arm64.zip"
url_api = "https://api.github.com/repos/x-motemen/ghq/releases/assets/394135805"

[tools."github:x-motemen/ghq"."platforms.linux-x64"]
checksum = "sha256:32e380aa8ac76fdd58758cc06174d9ee5db7270bd0cbcc18138b5d36def91b6b"
url = "https://github.com/x-motemen/ghq/releases/download/v1.10.1/ghq_linux_amd64.zip"
url_api = "https://api.github.com/repos/x-motemen/ghq/releases/assets/394135802"

[tools."github:x-motemen/ghq"."platforms.macos-arm64"]
checksum = "sha256:5e3100de0c5a248eebe6ab176ad94d6e12386af70a58c535368a4301861b1398"
url = "https://github.com/x-motemen/ghq/releases/download/v1.10.1/ghq_darwin_arm64.zip"
url_api = "https://api.github.com/repos/x-motemen/ghq/releases/assets/394135804"

[tools."github:x-motemen/ghq"."platforms.macos-x64"]
checksum = "sha256:491e88380b817eee3ab5a3aa09dbe8491b9495a0ffc5223b60e7f4679a97a8eb"
url = "https://github.com/x-motemen/ghq/releases/download/v1.10.1/ghq_darwin_amd64.zip"
url_api = "https://api.github.com/repos/x-motemen/ghq/releases/assets/394135808"

[[tools."http:bats"]]
version = "1.13.0"
backend = "http:bats"

[tools."http:bats".options]
strip_components = "1"

[tools."http:bats"."platforms.linux-arm64"]
checksum = "sha256:a85e12b8828271a152b338ca8109aa23493b57950987c8e6dff97ba492772ff3"
url = "https://github.com/bats-core/bats-core/archive/refs/tags/v1.13.0.tar.gz"

[tools."http:bats"."platforms.linux-x64"]
checksum = "sha256:a85e12b8828271a152b338ca8109aa23493b57950987c8e6dff97ba492772ff3"
url = "https://github.com/bats-core/bats-core/archive/refs/tags/v1.13.0.tar.gz"

[tools."http:bats"."platforms.macos-arm64"]
checksum = "sha256:a85e12b8828271a152b338ca8109aa23493b57950987c8e6dff97ba492772ff3"
url = "https://github.com/bats-core/bats-core/archive/refs/tags/v1.13.0.tar.gz"

[tools."http:bats"."platforms.macos-x64"]
checksum = "sha256:a85e12b8828271a152b338ca8109aa23493b57950987c8e6dff97ba492772ff3"
url = "https://github.com/bats-core/bats-core/archive/refs/tags/v1.13.0.tar.gz"

[[tools."http:gcloud"]]
version = "575.0.1"
backend = "http:gcloud"

[tools."http:gcloud"."platforms.linux-arm64"]
checksum = "sha256:e5c3a354d4c5775eccede626746547d6d3dc3f59db350f62f05dbc604eec5e3f"
url = "https://storage.googleapis.com/cloud-sdk-release/google-cloud-cli-575.0.1-linux-arm.tar.gz"

[tools."http:gcloud"."platforms.linux-x64"]
checksum = "sha256:38198fa76b1aa64a332fadca7dba45f96c6dbb5cd9e77f173f9d6a65443e37ab"
url = "https://storage.googleapis.com/cloud-sdk-release/google-cloud-cli-575.0.1-linux-x86_64.tar.gz"

[tools."http:gcloud"."platforms.macos-arm64"]
checksum = "sha256:055892517a1101903938bbc1006c02feb639ec7efff8b25509c72e9a20351b3c"
url = "https://storage.googleapis.com/cloud-sdk-release/google-cloud-cli-575.0.1-darwin-arm.tar.gz"

[tools."http:gcloud"."platforms.macos-x64"]
checksum = "sha256:0f9b0f45e5dff30d8c67c0f9ceb4d64b03497efa9135849b80ecf0cd0706009c"
url = "https://storage.googleapis.com/cloud-sdk-release/google-cloud-cli-575.0.1-darwin-x86_64.tar.gz"

[[tools.hugo-extended]]
version = "0.136.5"
backend = "aqua:gohugoio/hugo/hugo-extended"

[tools.hugo-extended."platforms.linux-arm64"]
checksum = "sha256:8ebc7f58b7a188b608aa851788d1e490a9ebe4857dfb9238ab70ea93be08d9c4"
url = "https://github.com/gohugoio/hugo/releases/download/v0.136.5/hugo_extended_0.136.5_linux-arm64.tar.gz"
url_api = "https://api.github.com/repos/gohugoio/hugo/releases/assets/201442336"

[tools.hugo-extended."platforms.linux-x64"]
checksum = "sha256:b7be7c1abb0b077ce079f634c479791dfadaaf3236fa47948b0290a6b0bf70ff"
url = "https://github.com/gohugoio/hugo/releases/download/v0.136.5/hugo_extended_0.136.5_linux-amd64.tar.gz"
url_api = "https://api.github.com/repos/gohugoio/hugo/releases/assets/201442332"

[tools.hugo-extended."platforms.macos-arm64"]
checksum = "sha256:ca3f419f177baf5eac99b079e378e0c492755242c1b723de38d50169266fc557"
url = "https://github.com/gohugoio/hugo/releases/download/v0.136.5/hugo_extended_0.136.5_darwin-universal.tar.gz"
url_api = "https://api.github.com/repos/gohugoio/hugo/releases/assets/201442330"

[tools.hugo-extended."platforms.macos-x64"]
checksum = "sha256:ca3f419f177baf5eac99b079e378e0c492755242c1b723de38d50169266fc557"
url = "https://github.com/gohugoio/hugo/releases/download/v0.136.5/hugo_extended_0.136.5_darwin-universal.tar.gz"
url_api = "https://api.github.com/repos/gohugoio/hugo/releases/assets/201442330"

[[tools.jq]]
version = "1.8.2"
backend = "aqua:jqlang/jq"

[tools.jq."platforms.linux-arm64"]
checksum = "sha256:8b85c817833814ddca00a144c33705546355afccf0cf39b188f3cdb48b852309"
url = "https://github.com/jqlang/jq/releases/download/jq-1.8.2/jq-linux-arm64"
url_api = "https://api.github.com/repos/jqlang/jq/releases/assets/453012756"
provenance = "github-attestations"

[tools.jq."platforms.linux-x64"]
checksum = "sha256:b1c22172dd303f3be49e935aa56aa48a8b7a46e0bc838b4997d3bb451495870f"
url = "https://github.com/jqlang/jq/releases/download/jq-1.8.2/jq-linux-amd64"
url_api = "https://api.github.com/repos/jqlang/jq/releases/assets/453012752"
provenance = "github-attestations"

[tools.jq."platforms.macos-arm64"]
checksum = "sha256:2d75340ba57a4b4b4c8708a21c2dc8e958a48aaa8bba13b27f77f6e4c0eca07e"
url = "https://github.com/jqlang/jq/releases/download/jq-1.8.2/jq-macos-arm64"
url_api = "https://api.github.com/repos/jqlang/jq/releases/assets/453012783"
provenance = "github-attestations"

[tools.jq."platforms.macos-x64"]
checksum = "sha256:e94b266e3c26690550006abe63152b782280f4e14374accdf04cbde844f00bc0"
url = "https://github.com/jqlang/jq/releases/download/jq-1.8.2/jq-macos-amd64"
url_api = "https://api.github.com/repos/jqlang/jq/releases/assets/453012782"
provenance = "github-attestations"

[[tools.node]]
version = "24.18.0"
backend = "core:node"

[tools.node."platforms.linux-arm64"]
checksum = "sha256:6b4484c2190274175df9aa8f28e2d758a819cb1c1fe6ab481e2f95b463ab8508"
url = "https://nodejs.org/dist/v24.18.0/node-v24.18.0-linux-arm64.tar.gz"

[tools.node."platforms.linux-x64"]
checksum = "sha256:783130984963db7ba9cbd01089eaf2c2efb055c7c1693c943174b967b3050cb8"
url = "https://nodejs.org/dist/v24.18.0/node-v24.18.0-linux-x64.tar.gz"

[tools.node."platforms.macos-arm64"]
checksum = "sha256:e1a97e14c99c803e96c7339403282ea05a499c32f8d83defe9ef5ec66f979ed1"
url = "https://nodejs.org/dist/v24.18.0/node-v24.18.0-darwin-arm64.tar.gz"

[tools.node."platforms.macos-x64"]
checksum = "sha256:dfd0dbd3e721503434df7b7205e719f61b3a3a31b2bcf9729b8b91fea240f080"
url = "https://nodejs.org/dist/v24.18.0/node-v24.18.0-darwin-x64.tar.gz"

[[tools."npm:@anthropic-ai/claude-code"]]
version = "2.1.201"
backend = "npm:@anthropic-ai/claude-code"

[[tools."npm:@openai/codex"]]
version = "0.142.5"
backend = "npm:@openai/codex"

[[tools."npm:bash-language-server"]]
version = "5.6.0"
backend = "npm:bash-language-server"

[[tools."npm:fast-cli"]]
version = "5.2.0"
backend = "npm:fast-cli"

[[tools."npm:pyright"]]
version = "1.1.411"
backend = "npm:pyright"

[[tools.python]]
version = "3.11.15"
backend = "core:python"

[tools.python."platforms.linux-arm64"]
checksum = "sha256:9ac18c9a761e91e6c6452bc0ef0082922a00a3fdec734555635d57c3169309b7"
url = "https://github.com/astral-sh/python-build-standalone/releases/download/20260623/cpython-3.11.15+20260623-aarch64-unknown-linux-gnu-install_only_stripped.tar.gz"
provenance = "github-attestations"

[tools.python."platforms.linux-x64"]
checksum = "sha256:0604cd029b142dc223e131f17f5941c0c8d2d5074997c8178b515b19eea2a6c2"
url = "https://github.com/astral-sh/python-build-standalone/releases/download/20260623/cpython-3.11.15+20260623-x86_64-unknown-linux-gnu-install_only_stripped.tar.gz"
provenance = "github-attestations"

[tools.python."platforms.macos-arm64"]
checksum = "sha256:2318799eaf104f8a29bc09a93b0851b05dbbcb4ce9a5f045ddea169c0c7ff3a5"
url = "https://github.com/astral-sh/python-build-standalone/releases/download/20260623/cpython-3.11.15+20260623-aarch64-apple-darwin-install_only_stripped.tar.gz"
provenance = "github-attestations"

[tools.python."platforms.macos-x64"]
checksum = "sha256:4925e5aaa9bc77c85302d350b36c1d9def2002996a6bcfa55c88ba6eb318de29"
url = "https://github.com/astral-sh/python-build-standalone/releases/download/20260623/cpython-3.11.15+20260623-x86_64-apple-darwin-install_only_stripped.tar.gz"
provenance = "github-attestations"

[[tools.rust]]
version = "1.96.1"
backend = "core:rust"

[[tools.shellcheck]]
version = "0.11.0"
backend = "aqua:koalaman/shellcheck"

[tools.shellcheck."platforms.linux-arm64"]
checksum = "sha256:12b331c1d2db6b9eb13cfca64306b1b157a86eb69db83023e261eaa7e7c14588"
url = "https://github.com/koalaman/shellcheck/releases/download/v0.11.0/shellcheck-v0.11.0.linux.aarch64.tar.xz"
url_api = "https://api.github.com/repos/koalaman/shellcheck/releases/assets/279056934"

[tools.shellcheck."platforms.linux-x64"]
checksum = "sha256:8c3be12b05d5c177a04c29e3c78ce89ac86f1595681cab149b65b97c4e227198"
url = "https://github.com/koalaman/shellcheck/releases/download/v0.11.0/shellcheck-v0.11.0.linux.x86_64.tar.xz"
url_api = "https://api.github.com/repos/koalaman/shellcheck/releases/assets/279056942"

[tools.shellcheck."platforms.macos-arm64"]
checksum = "sha256:56affdd8de5527894dca6dc3d7e0a99a873b0f004d7aabc30ae407d3f48b0a79"
url = "https://github.com/koalaman/shellcheck/releases/download/v0.11.0/shellcheck-v0.11.0.darwin.aarch64.tar.xz"
url_api = "https://api.github.com/repos/koalaman/shellcheck/releases/assets/279056932"

[tools.shellcheck."platforms.macos-x64"]
checksum = "sha256:3c89db4edcab7cf1c27bff178882e0f6f27f7afdf54e859fa041fca10febe4c6"
url = "https://github.com/koalaman/shellcheck/releases/download/v0.11.0/shellcheck-v0.11.0.darwin.x86_64.tar.xz"
url_api = "https://api.github.com/repos/koalaman/shellcheck/releases/assets/279056930"

[[tools.shfmt]]
version = "3.13.1"
backend = "aqua:mvdan/sh"

[tools.shfmt."platforms.linux-arm64"]
checksum = "sha256:32d92acaa5cd8abb29fc49dac123dc412442d5713967819d8af2c29f1b3857c7"
url = "https://github.com/mvdan/sh/releases/download/v3.13.1/shfmt_v3.13.1_linux_arm64"
url_api = "https://api.github.com/repos/mvdan/sh/releases/assets/390322859"

[tools.shfmt."platforms.linux-x64"]
checksum = "sha256:fb096c5d1ac6beabbdbaa2874d025badb03ee07929f0c9ff67563ce8c75398b1"
url = "https://github.com/mvdan/sh/releases/download/v3.13.1/shfmt_v3.13.1_linux_amd64"
url_api = "https://api.github.com/repos/mvdan/sh/releases/assets/390322866"

[tools.shfmt."platforms.macos-arm64"]
checksum = "sha256:9680526be4a66ea1ffe988ed08af58e1400fe1e4f4aef5bd88b20bb9b3da33f8"
url = "https://github.com/mvdan/sh/releases/download/v3.13.1/shfmt_v3.13.1_darwin_arm64"
url_api = "https://api.github.com/repos/mvdan/sh/releases/assets/390322881"

[tools.shfmt."platforms.macos-x64"]
checksum = "sha256:6feedafc72915794163114f512348e2437d080d0047ef8b8fa2ec63b575f12af"
url = "https://github.com/mvdan/sh/releases/download/v3.13.1/shfmt_v3.13.1_darwin_amd64"
url_api = "https://api.github.com/repos/mvdan/sh/releases/assets/390322886"

[[tools.uv]]
version = "0.11.26"
backend = "aqua:astral-sh/uv"

[tools.uv."platforms.linux-arm64"]
checksum = "sha256:47418cfdb34b1ca42e503da72631ac8c475602e2411ac6c39aa84c2373fe6324"
url = "https://github.com/astral-sh/uv/releases/download/0.11.26/uv-aarch64-unknown-linux-musl.tar.gz"
url_api = "https://api.github.com/repos/astral-sh/uv/releases/assets/462248215"
provenance = "github-attestations"

[tools.uv."platforms.linux-x64"]
checksum = "sha256:62bf1a53501adf4083224b69b33737450ac516935f5a5e483e9dfaf2665084de"
url = "https://github.com/astral-sh/uv/releases/download/0.11.26/uv-x86_64-unknown-linux-musl.tar.gz"
url_api = "https://api.github.com/repos/astral-sh/uv/releases/assets/462248297"
provenance = "github-attestations"

[tools.uv."platforms.macos-arm64"]
checksum = "sha256:8f7fbf1708399b921857bce71e1d60f0d3ccf52a30caebc1c1a2f175dce13ab6"
url = "https://github.com/astral-sh/uv/releases/download/0.11.26/uv-aarch64-apple-darwin.tar.gz"
url_api = "https://api.github.com/repos/astral-sh/uv/releases/assets/462248188"
provenance = "github-attestations"

[tools.uv."platforms.macos-x64"]
checksum = "sha256:922b460202707dd5f4ccacbadbe7f6a546cc46e82a99bf50ca99a7977a78eddd"
url = "https://github.com/astral-sh/uv/releases/download/0.11.26/uv-x86_64-apple-darwin.tar.gz"
url_api = "https://api.github.com/repos/astral-sh/uv/releases/assets/462248284"
provenance = "github-attestations"

[[tools.yazi]]
version = "26.5.6"
backend = "aqua:sxyazi/yazi"

[tools.yazi."platforms.linux-arm64"]
checksum = "sha256:dff4a6774069bdde616c3cd145275b462a5887229cd9bf6341e78063da37e84f"
url = "https://github.com/sxyazi/yazi/releases/download/v26.5.6/yazi-aarch64-unknown-linux-musl.zip"
url_api = "https://api.github.com/repos/sxyazi/yazi/releases/assets/412871963"

[tools.yazi."platforms.linux-x64"]
checksum = "sha256:1031a02560d053301537195a6661d227c15cb4ce5c30481050b31e2b88681bff"
url = "https://github.com/sxyazi/yazi/releases/download/v26.5.6/yazi-x86_64-unknown-linux-musl.zip"
url_api = "https://api.github.com/repos/sxyazi/yazi/releases/assets/412871954"

[tools.yazi."platforms.macos-arm64"]
checksum = "sha256:7abd71725e2fe27bed036becbf6ce79fa17964eb68491d34190011c94b8c7ca8"
url = "https://github.com/sxyazi/yazi/releases/download/v26.5.6/yazi-aarch64-apple-darwin.zip"
url_api = "https://api.github.com/repos/sxyazi/yazi/releases/assets/412871956"

[tools.yazi."platforms.macos-x64"]
checksum = "sha256:6846066f992c1688d8ec77431a3ab53f5ef268019fcef86e5649b8c27010868d"
url = "https://github.com/sxyazi/yazi/releases/download/v26.5.6/yazi-x86_64-apple-darwin.zip"
url_api = "https://api.github.com/repos/sxyazi/yazi/releases/assets/412871953"
