# @generated - this file is auto-generated by `mise lock` https://mise.jdx.dev/dev-tools/mise-lock.html

[[tools.age]]
version = "1.3.2"
backend = "aqua:FiloSottile/age"

[tools.age."platforms.linux-arm64"]
checksum = "sha256:6b8dc4333c53a5a57c9e5834e3a48f92605d7154014cd07269ff3327db5d37f4"
url = "https://github.com/FiloSottile/age/releases/download/v1.3.2/age-v1.3.2-linux-arm64.tar.gz"
url_api = "https://api.github.com/repos/FiloSottile/age/releases/assets/535541932"
provenance = "github-attestations"

[tools.age."platforms.linux-x64"]
checksum = "sha256:cbe24006683f8eb669266162894b9a522a1af52f2665fbc63a4bb032ed26ac10"
url = "https://github.com/FiloSottile/age/releases/download/v1.3.2/age-v1.3.2-linux-amd64.tar.gz"
url_api = "https://api.github.com/repos/FiloSottile/age/releases/assets/535541903"
provenance = "github-attestations"

[tools.age."platforms.macos-arm64"]
checksum = "sha256:e2020b073c44f692685a24d6abc378817eb81ffaaf49fd0531ef8565f767f2f5"
url = "https://github.com/FiloSottile/age/releases/download/v1.3.2/age-v1.3.2-darwin-arm64.tar.gz"
url_api = "https://api.github.com/repos/FiloSottile/age/releases/assets/535541897"
provenance = "github-attestations"

[tools.age."platforms.macos-x64"]
checksum = "sha256:1d1e4bc66e1427edad7739ae7616157de0e79db8b6d2a1497d7d9925fb06a539"
url = "https://github.com/FiloSottile/age/releases/download/v1.3.2/age-v1.3.2-darwin-amd64.tar.gz"
url_api = "https://api.github.com/repos/FiloSottile/age/releases/assets/535541887"
provenance = "github-attestations"

[[tools."aqua:micro-editor/micro"]]
version = "2.0.15"
backend = "aqua:micro-editor/micro"

[tools."aqua:micro-editor/micro"."platforms.linux-arm64"]
checksum = "sha256:5ca127857bf5500be3879f1a70b27556e737a49da04a1be5334de9e8e8781ad9"
url = "https://github.com/micro-editor/micro/releases/download/v2.0.15/micro-2.0.15-linux-arm64.tar.gz"
url_api = "https://api.github.com/repos/micro-editor/micro/releases/assets/334842990"

[tools."aqua:micro-editor/micro"."platforms.linux-x64"]
checksum = "sha256:267d238eac1e26ed053d13d4d48bd421b87f9eb538b604f0b2f74a85598b6cc2"
url = "https://github.com/micro-editor/micro/releases/download/v2.0.15/micro-2.0.15-linux64-static.tar.gz"
url_api = "https://api.github.com/repos/micro-editor/micro/releases/assets/334842982"

[tools."aqua:micro-editor/micro"."platforms.macos-arm64"]
checksum = "sha256:2ff285cc49f2ac3f7a6e9110e2dabd3c848b73eed56a8396d627c0af80a34624"
url = "https://github.com/micro-editor/micro/releases/download/v2.0.15/micro-2.0.15-macos-arm64.tar.gz"
url_api = "https://api.github.com/repos/micro-editor/micro/releases/assets/334842985"

[tools."aqua:micro-editor/micro"."platforms.macos-x64"]
checksum = "sha256:d765b9bdd6478c4f5a3cbd5a93ebe7bab2b9cec30b5350016975cf1045855cee"
url = "https://github.com/micro-editor/micro/releases/download/v2.0.15/micro-2.0.15-osx.tar.gz"
url_api = "https://api.github.com/repos/micro-editor/micro/releases/assets/334842967"

[[tools."aqua:tak848/ccgate"]]
version = "0.9.5"
backend = "aqua:tak848/ccgate"

[tools."aqua:tak848/ccgate"."platforms.linux-arm64"]
checksum = "sha256:6faaeba52be1209a21efad8e6c41a7d15a16f45c43b15e196367ab6ee700d586"
url = "https://github.com/tak848/ccgate/releases/download/v0.9.5/ccgate-linux-arm64.tar.gz"
url_api = "https://api.github.com/repos/tak848/ccgate/releases/assets/464090951"

[tools."aqua:tak848/ccgate"."platforms.linux-x64"]
checksum = "sha256:95316a3c2b7e634e872e275917948d008bd7e46098768c20d87ba0303868e825"
url = "https://github.com/tak848/ccgate/releases/download/v0.9.5/ccgate-linux-amd64.tar.gz"
url_api = "https://api.github.com/repos/tak848/ccgate/releases/assets/464090943"

[tools."aqua:tak848/ccgate"."platforms.macos-arm64"]
checksum = "sha256:43338015830f4e426ae0ecfe9e2f8db997f87eb900b49fc2f34f6c663b2f8418"
url = "https://github.com/tak848/ccgate/releases/download/v0.9.5/ccgate-darwin-arm64.tar.gz"
url_api = "https://api.github.com/repos/tak848/ccgate/releases/assets/464090941"

[tools."aqua:tak848/ccgate"."platforms.macos-x64"]
checksum = "sha256:745f68f193997ab23263e69205426012a29ee067a7701b97be0720eea93e064c"
url = "https://github.com/tak848/ccgate/releases/download/v0.9.5/ccgate-darwin-amd64.tar.gz"
url_api = "https://api.github.com/repos/tak848/ccgate/releases/assets/464090944"

[[tools.bun]]
version = "1.4.2"
backend = "core:bun"

[tools.bun."platforms.linux-arm64"]
checksum = "sha256:54328bbc2d9c8e0c9f892c544d66c57a83b84139e34909e5ee81758f1ac8fda7"
url = "https://github.com/oven-sh/bun/releases/download/bun-v1.4.2/bun-linux-aarch64.zip"

[tools.bun."platforms.linux-arm64-musl"]
checksum = "sha256:71760b6c8ea30623b81a4907cb815d48e2ea266f2e73e751534a44a0607950df"
url = "https://github.com/oven-sh/bun/releases/download/bun-v1.4.2/bun-linux-aarch64-musl.zip"

[tools.bun."platforms.linux-x64"]
checksum = "sha256:36368faef7527875d5ffa52e53cd48021741f2a83eb6208a8dd64068d422a913"
url = "https://github.com/oven-sh/bun/releases/download/bun-v1.4.2/bun-linux-x64.zip"

[tools.bun."platforms.linux-x64-baseline"]
checksum = "sha256:c678040f14fe0440eb839d37cbd0ce4c051a32da72806ac97de6a6aab6bf728f"
url = "https://github.com/oven-sh/bun/releases/download/bun-v1.4.2/bun-linux-x64-baseline.zip"

[tools.bun."platforms.linux-x64-musl"]
checksum = "sha256:4835eca59d6da70f4674f5642f6e459dcadab773695b2ed9922d131057989742"
url = "https://github.com/oven-sh/bun/releases/download/bun-v1.4.2/bun-linux-x64-musl.zip"

[tools.bun."platforms.linux-x64-musl-baseline"]
checksum = "sha256:76e1db84e98f22f78de0a87e309bfbbf297732847f9720db36750646c85c8c18"
url = "https://github.com/oven-sh/bun/releases/download/bun-v1.4.2/bun-linux-x64-musl-baseline.zip"

[tools.bun."platforms.macos-arm64"]
checksum = "sha256:90987a3a16d7db556d886ac3d551e7b6d3edf0a1cf43acaed622e8676be1d12f"
url = "https://github.com/oven-sh/bun/releases/download/bun-v1.4.2/bun-darwin-aarch64.zip"

[tools.bun."platforms.macos-x64"]
checksum = "sha256:80520d7e17526308c9185d261679ac6d27798d3803a0e9f7ff9121ab8affb012"
url = "https://github.com/oven-sh/bun/releases/download/bun-v1.4.2/bun-darwin-x64.zip"

[tools.bun."platforms.macos-x64-baseline"]
checksum = "sha256:bad5bbd6cf14d0980d115f5954c9ff904df619d5e994d2da1ffccd3f316300b0"
url = "https://github.com/oven-sh/bun/releases/download/bun-v1.4.2/bun-darwin-x64-baseline.zip"

[[tools."cargo:eza"]]
version = "0.23.5"
backend = "cargo:eza"

[[tools."cargo:pueue"]]
version = "4.0.4"
backend = "cargo:pueue"

[[tools.chezmoi]]
version = "2.72.2"
backend = "aqua:twpayne/chezmoi"

[tools.chezmoi."platforms.linux-arm64"]
checksum = "sha256:499925fd10804b7c1a5dc4b4a275c8935261d02a4be0c18bbd41b7747810de67"
url = "https://github.com/twpayne/chezmoi/releases/download/v2.72.2/chezmoi_2.72.2_linux_arm64.tar.gz"
url_api = "https://api.github.com/repos/twpayne/chezmoi/releases/assets/561706486"
provenance = "cosign"

[tools.chezmoi."platforms.linux-x64"]
checksum = "sha256:a2be1b8bcdf06c6f173e070bb3ddbcc52c50478fe9b57f6e6c63d15c7cff4f03"
url = "https://github.com/twpayne/chezmoi/releases/download/v2.72.2/chezmoi_2.72.2_linux-glibc_amd64.tar.gz"
url_api = "https://api.github.com/repos/twpayne/chezmoi/releases/assets/561706563"
provenance = "cosign"

[tools.chezmoi."platforms.macos-arm64"]
checksum = "sha256:2b0c7e57f3f2da44628fa9f6863b9bd41f0935cfd2416228aa9df6daab6690f5"
url = "https://github.com/twpayne/chezmoi/releases/download/v2.72.2/chezmoi_2.72.2_darwin_arm64.tar.gz"
url_api = "https://api.github.com/repos/twpayne/chezmoi/releases/assets/561706522"
provenance = "cosign"

[tools.chezmoi."platforms.macos-x64"]
checksum = "sha256:08ad1ba33a73e68f7657ee226f72b5d800b5a947954b06e185e8591bd32b0063"
url = "https://github.com/twpayne/chezmoi/releases/download/v2.72.2/chezmoi_2.72.2_darwin_amd64.tar.gz"
url_api = "https://api.github.com/repos/twpayne/chezmoi/releases/assets/561706295"
provenance = "cosign"

[[tools.cmake]]
version = "4.4.3"
backend = "aqua:Kitware/CMake"

[tools.cmake."platforms.linux-arm64"]
checksum = "sha256:2efc974dbd63b4444c0e8494b92f2e80c2d7e635b4b80eac2916985ddd8f72a6"
url = "https://github.com/Kitware/CMake/releases/download/v4.4.3/cmake-4.4.3-linux-aarch64.tar.gz"
url_api = "https://api.github.com/repos/Kitware/CMake/releases/assets/529577299"

[tools.cmake."platforms.linux-x64"]
checksum = "sha256:d6c83076c575bc00b823522ac974bda66d0af05d6ddc30e739c12385cf32c6cc"
url = "https://github.com/Kitware/CMake/releases/download/v4.4.3/cmake-4.4.3-linux-x86_64.tar.gz"
url_api = "https://api.github.com/repos/Kitware/CMake/releases/assets/529577408"

[tools.cmake."platforms.macos-arm64"]
checksum = "sha256:0c5d65251c14cc884bfa16bdbed3c263ce5bffe2e21c0d0d00962cb0610464fa"
url = "https://github.com/Kitware/CMake/releases/download/v4.4.3/cmake-4.4.3-macos-universal.tar.gz"
url_api = "https://api.github.com/repos/Kitware/CMake/releases/assets/529577557"

[tools.cmake."platforms.macos-x64"]
checksum = "sha256:0c5d65251c14cc884bfa16bdbed3c263ce5bffe2e21c0d0d00962cb0610464fa"
url = "https://github.com/Kitware/CMake/releases/download/v4.4.3/cmake-4.4.3-macos-universal.tar.gz"
url_api = "https://api.github.com/repos/Kitware/CMake/releases/assets/529577557"

[[tools.dotenvx]]
version = "2.26.1"
backend = "aqua:dotenvx/dotenvx"

[tools.dotenvx."platforms.linux-arm64"]
checksum = "sha256:b5465a32e2f625ebcc6015253b7a67ef1c0367a57d832187d564b6b4708a130c"
url = "https://github.com/dotenvx/dotenvx/releases/download/v2.26.1/dotenvx-2.26.1-linux-aarch64.tar.gz"
url_api = "https://api.github.com/repos/dotenvx/dotenvx/releases/assets/565572525"

[tools.dotenvx."platforms.linux-x64"]
checksum = "sha256:6e35999d06755acc1af310cee344e48245d4bf2cdd31ecee4856bbf81c2c67dc"
url = "https://github.com/dotenvx/dotenvx/releases/download/v2.26.1/dotenvx-2.26.1-linux-amd64.tar.gz"
url_api = "https://api.github.com/repos/dotenvx/dotenvx/releases/assets/565572524"

[tools.dotenvx."platforms.macos-arm64"]
checksum = "sha256:81e07b1b3a34d6ee138b5ac53b618870c6a71b7ded782ee6aa11e67111d928e7"
url = "https://github.com/dotenvx/dotenvx/releases/download/v2.26.1/dotenvx-2.26.1-darwin-arm64.tar.gz"
url_api = "https://api.github.com/repos/dotenvx/dotenvx/releases/assets/565572547"

[tools.dotenvx."platforms.macos-x64"]
checksum = "sha256:1b22976f18590cc226d21b01a3deda2f0ae9dfe8c96ce3c4e8153c44c4e01763"
url = "https://github.com/dotenvx/dotenvx/releases/download/v2.26.1/dotenvx-2.26.1-darwin-amd64.tar.gz"
url_api = "https://api.github.com/repos/dotenvx/dotenvx/releases/assets/565572521"

[[tools.fd]]
version = "10.3.0"
backend = "aqua:sharkdp/fd"

[tools.fd."platforms.linux-arm64"]
checksum = "sha256:996b9b1366433b211cb3bbedba91c9dbce2431842144d925428ead0adf32020b"
url = "https://github.com/sharkdp/fd/releases/download/v10.3.0/fd-v10.3.0-aarch64-unknown-linux-musl.tar.gz"
url_api = "https://api.github.com/repos/sharkdp/fd/releases/assets/286314809"

[tools.fd."platforms.linux-x64"]
checksum = "sha256:2b6bfaae8c48f12050813c2ffe1884c61ea26e750d803df9c9114550a314cd14"
url = "https://github.com/sharkdp/fd/releases/download/v10.3.0/fd-v10.3.0-x86_64-unknown-linux-musl.tar.gz"
url_api = "https://api.github.com/repos/sharkdp/fd/releases/assets/286314841"

[tools.fd."platforms.macos-arm64"]
checksum = "sha256:0570263812089120bc2a5d84f9e65cd0c25e4a4d724c80075c357239c74ae904"
url = "https://github.com/sharkdp/fd/releases/download/v10.3.0/fd-v10.3.0-aarch64-apple-darwin.tar.gz"
url_api = "https://api.github.com/repos/sharkdp/fd/releases/assets/286314251"

[tools.fd."platforms.macos-x64"]
checksum = "sha256:50d30f13fe3d5914b14c4fff5abcbd4d0cdab4b855970a6956f4f006c17117a3"
url = "https://github.com/sharkdp/fd/releases/download/v10.3.0/fd-v10.3.0-x86_64-apple-darwin.tar.gz"
url_api = "https://api.github.com/repos/sharkdp/fd/releases/assets/286315525"

[[tools."github:cli/cli"]]
version = "2.101.0"
backend = "github:cli/cli"

[tools."github:cli/cli"."platforms.linux-arm64"]
checksum = "sha256:b57e8063f18862647c9d22727c32e9da1b963f8bf9db648fe123a6975695640f"
url = "https://github.com/cli/cli/releases/download/v2.101.0/gh_2.101.0_linux_arm64.tar.gz"
url_api = "https://api.github.com/repos/cli/cli/releases/assets/565857147"
provenance = "github-attestations"

[tools."github:cli/cli"."platforms.linux-x64"]
checksum = "sha256:9bca2d1c16825f109907a23307628a2f0698fbf99662b73a5cf0b020293072b8"
url = "https://github.com/cli/cli/releases/download/v2.101.0/gh_2.101.0_linux_amd64.tar.gz"
url_api = "https://api.github.com/repos/cli/cli/releases/assets/565857134"
provenance = "github-attestations"

[tools."github:cli/cli"."platforms.macos-arm64"]
checksum = "sha256:e4303e39d8f07141c4bad4b99b01079f05029c59b27076e8fbc825c985ecdd8b"
url = "https://github.com/cli/cli/releases/download/v2.101.0/gh_2.101.0_macOS_arm64.zip"
url_api = "https://api.github.com/repos/cli/cli/releases/assets/565857200"
provenance = "github-attestations"

[tools."github:cli/cli"."platforms.macos-x64"]
checksum = "sha256:a6fd66c88e2f07d6e4e058173db341d07dd74d58cf8f19ae668293d2bb614ca3"
url = "https://github.com/cli/cli/releases/download/v2.101.0/gh_2.101.0_macOS_amd64.zip"
url_api = "https://api.github.com/repos/cli/cli/releases/assets/565857203"
provenance = "github-attestations"

[[tools."github:d-kuro/gwq"]]
version = "0.1.1"
backend = "github:d-kuro/gwq"

[tools."github:d-kuro/gwq"."platforms.linux-arm64"]
checksum = "sha256:b5646120162c01eef4f2cd989eb1ec9fde6fa1caaf5aeb193f24556513924027"
url = "https://github.com/d-kuro/gwq/releases/download/v0.1.1/gwq_Linux_arm64.tar.gz"
url_api = "https://api.github.com/repos/d-kuro/gwq/releases/assets/410341162"

[tools."github:d-kuro/gwq"."platforms.linux-x64"]
checksum = "sha256:a0ef2fe46b5957fa73017a085d5bf44101314ac9b6a1874532054cea4ce6d394"
url = "https://github.com/d-kuro/gwq/releases/download/v0.1.1/gwq_Linux_x86_64.tar.gz"
url_api = "https://api.github.com/repos/d-kuro/gwq/releases/assets/410341157"

[tools."github:d-kuro/gwq"."platforms.macos-arm64"]
checksum = "sha256:1b8b58004bce2ff1b85b1246e6b3b14eca89a0a95879696ee6c75cf48e7bd7fb"
url = "https://github.com/d-kuro/gwq/releases/download/v0.1.1/gwq_Darwin_arm64.tar.gz"
url_api = "https://api.github.com/repos/d-kuro/gwq/releases/assets/410341158"

[tools."github:d-kuro/gwq"."platforms.macos-x64"]
checksum = "sha256:667aa6973e1cf1eb0c00600c4fc480a1c93d979ed99cdf3cae63dcbc484a6f6b"
url = "https://github.com/d-kuro/gwq/releases/download/v0.1.1/gwq_Darwin_x86_64.tar.gz"
url_api = "https://api.github.com/repos/d-kuro/gwq/releases/assets/410341155"

[[tools."github:mikefarah/yq"]]
version = "4.53.6"
backend = "github:mikefarah/yq"

[tools."github:mikefarah/yq"."platforms.linux-arm64"]
checksum = "sha256:d5e7531273d45c5d4b7abb4a1597c47a0fecb5d6b081dfa755064b38ffcc34f4"
url = "https://github.com/mikefarah/yq/releases/download/v4.53.6/yq_linux_arm64.tar.gz"
url_api = "https://api.github.com/repos/mikefarah/yq/releases/assets/522028000"
provenance = "github-attestations"

[tools."github:mikefarah/yq"."platforms.linux-x64"]
checksum = "sha256:38b907b21b1b04327fb9481c595331d925a67c6ee1aabd0ef419d0b7d12dfb3d"
url = "https://github.com/mikefarah/yq/releases/download/v4.53.6/yq_linux_amd64.tar.gz"
url_api = "https://api.github.com/repos/mikefarah/yq/releases/assets/522028025"
provenance = "github-attestations"

[tools."github:mikefarah/yq"."platforms.macos-arm64"]
checksum = "sha256:4e2b18f4242c720965af7919dc0573819474cecf03a71b6cd7656025f2e5162c"
url = "https://github.com/mikefarah/yq/releases/download/v4.53.6/yq_darwin_arm64.tar.gz"
url_api = "https://api.github.com/repos/mikefarah/yq/releases/assets/522028017"
provenance = "github-attestations"
provenance_verified = true

[tools."github:mikefarah/yq"."platforms.macos-x64"]
checksum = "sha256:cf8304676c6572960a3720a189fd42e7038bf989dc181f0c05019a2883caf540"
url = "https://github.com/mikefarah/yq/releases/download/v4.53.6/yq_darwin_amd64.tar.gz"
url_api = "https://api.github.com/repos/mikefarah/yq/releases/assets/522028030"
provenance = "github-attestations"

[[tools."github:ogulcancelik/herdr"]]
version = "0.9.0"
backend = "github:ogulcancelik/herdr"

[tools."github:ogulcancelik/herdr"."platforms.linux-arm64"]
checksum = "sha256:9c8db20fb7e7427b138d5367113f1621ffd319f2f65d6f009e2594029115f0d2"
url = "https://github.com/herdrdev/herdr/releases/download/v0.9.0/herdr-linux-aarch64"
url_api = "https://api.github.com/repos/herdrdev/herdr/releases/assets/549270160"
provenance = "github-attestations"

[tools."github:ogulcancelik/herdr"."platforms.linux-x64"]
checksum = "sha256:4fa1a01158dd8043da92d31b270780b0dcc10603038d9b61cac4d81ab63fb71f"
url = "https://github.com/herdrdev/herdr/releases/download/v0.9.0/herdr-linux-x86_64"
url_api = "https://api.github.com/repos/herdrdev/herdr/releases/assets/549270163"
provenance = "github-attestations"

[tools."github:ogulcancelik/herdr"."platforms.macos-arm64"]
checksum = "sha256:32b53df09872628059c789a69f02a6b8e29e14ddf26711421f3463f70c1aef17"
url = "https://github.com/herdrdev/herdr/releases/download/v0.9.0/herdr-macos-aarch64"
url_api = "https://api.github.com/repos/herdrdev/herdr/releases/assets/549270162"
provenance = "github-attestations"

[tools."github:ogulcancelik/herdr"."platforms.macos-x64"]
checksum = "sha256:d0c920b2a126a74809fa1491411c9a097a44786cac9c2ca51b818a995581cf16"
url = "https://github.com/herdrdev/herdr/releases/download/v0.9.0/herdr-macos-x86_64"
url_api = "https://api.github.com/repos/herdrdev/herdr/releases/assets/549270161"
provenance = "github-attestations"

[[tools."github:shuntaka9576/blocc"]]
version = "0.6.0"
backend = "github:shuntaka9576/blocc"

[tools."github:shuntaka9576/blocc"."platforms.linux-x64"]
checksum = "sha256:bba3e4ce3028ff664117fe5401676490a3c8242f2b09afbda6f11dfe1e934cfa"
url = "https://github.com/shuntaka9576/blocc/releases/download/v0.6.0/blocc_0.6.0_Linux_amd64.tar.gz"
url_api = "https://api.github.com/repos/shuntaka9576/blocc/releases/assets/279451242"

[tools."github:shuntaka9576/blocc"."platforms.macos-x64"]
checksum = "sha256:b3a983705a02b0ca6cd0253f9582a3884a4b2288f120e54cbce7dcc9383942ce"
url = "https://github.com/shuntaka9576/blocc/releases/download/v0.6.0/blocc_0.6.0_Darwin_amd64.tar.gz"
url_api = "https://api.github.com/repos/shuntaka9576/blocc/releases/assets/279451245"

[[tools."github:x-motemen/ghq"]]
version = "1.10.1"
backend = "github:x-motemen/ghq"

[tools."github:x-motemen/ghq"."platforms.linux-arm64"]
checksum = "sha256:7ed154f62751e91c8a2d415280caeeba3d114050d01e39f3d0f4aa1be15f3954"
url = "https://github.com/x-motemen/ghq/releases/download/v1.10.1/ghq_linux_arm64.zip"
url_api = "https://api.github.com/repos/x-motemen/ghq/releases/assets/394135805"

[tools."github:x-motemen/ghq"."platforms.linux-x64"]
checksum = "sha256:32e380aa8ac76fdd58758cc06174d9ee5db7270bd0cbcc18138b5d36def91b6b"
url = "https://github.com/x-motemen/ghq/releases/download/v1.10.1/ghq_linux_amd64.zip"
url_api = "https://api.github.com/repos/x-motemen/ghq/releases/assets/394135802"

[tools."github:x-motemen/ghq"."platforms.macos-arm64"]
checksum = "sha256:5e3100de0c5a248eebe6ab176ad94d6e12386af70a58c535368a4301861b1398"
url = "https://github.com/x-motemen/ghq/releases/download/v1.10.1/ghq_darwin_arm64.zip"
url_api = "https://api.github.com/repos/x-motemen/ghq/releases/assets/394135804"

[tools."github:x-motemen/ghq"."platforms.macos-x64"]
checksum = "sha256:491e88380b817eee3ab5a3aa09dbe8491b9495a0ffc5223b60e7f4679a97a8eb"
url = "https://github.com/x-motemen/ghq/releases/download/v1.10.1/ghq_darwin_amd64.zip"
url_api = "https://api.github.com/repos/x-motemen/ghq/releases/assets/394135808"

[[tools."http:bats"]]
version = "1.13.0"
backend = "http:bats"

[tools."http:bats".options]
strip_components = "1"

[tools."http:bats"."platforms.linux-arm64"]
checksum = "sha256:a85e12b8828271a152b338ca8109aa23493b57950987c8e6dff97ba492772ff3"
url = "https://github.com/bats-core/bats-core/archive/refs/tags/v1.13.0.tar.gz"

[tools."http:bats"."platforms.linux-x64"]
checksum = "sha256:a85e12b8828271a152b338ca8109aa23493b57950987c8e6dff97ba492772ff3"
url = "https://github.com/bats-core/bats-core/archive/refs/tags/v1.13.0.tar.gz"

[tools."http:bats"."platforms.macos-arm64"]
checksum = "sha256:a85e12b8828271a152b338ca8109aa23493b57950987c8e6dff97ba492772ff3"
url = "https://github.com/bats-core/bats-core/archive/refs/tags/v1.13.0.tar.gz"

[tools."http:bats"."platforms.macos-x64"]
checksum = "sha256:a85e12b8828271a152b338ca8109aa23493b57950987c8e6dff97ba492772ff3"
url = "https://github.com/bats-core/bats-core/archive/refs/tags/v1.13.0.tar.gz"

[[tools."http:gcloud"]]
version = "575.0.1"
backend = "http:gcloud"

[tools."http:gcloud"."platforms.linux-arm64"]
checksum = "sha256:e5c3a354d4c5775eccede626746547d6d3dc3f59db350f62f05dbc604eec5e3f"
url = "https://storage.googleapis.com/cloud-sdk-release/google-cloud-cli-575.0.1-linux-arm.tar.gz"

[tools."http:gcloud"."platforms.linux-x64"]
checksum = "sha256:38198fa76b1aa64a332fadca7dba45f96c6dbb5cd9e77f173f9d6a65443e37ab"
url = "https://storage.googleapis.com/cloud-sdk-release/google-cloud-cli-575.0.1-linux-x86_64.tar.gz"

[tools."http:gcloud"."platforms.macos-arm64"]
checksum = "sha256:055892517a1101903938bbc1006c02feb639ec7efff8b25509c72e9a20351b3c"
url = "https://storage.googleapis.com/cloud-sdk-release/google-cloud-cli-575.0.1-darwin-arm.tar.gz"

[tools."http:gcloud"."platforms.macos-x64"]
checksum = "sha256:0f9b0f45e5dff30d8c67c0f9ceb4d64b03497efa9135849b80ecf0cd0706009c"
url = "https://storage.googleapis.com/cloud-sdk-release/google-cloud-cli-575.0.1-darwin-x86_64.tar.gz"

[[tools.hugo-extended]]
version = "0.166.0"
backend = "aqua:gohugoio/hugo/hugo-extended"

[tools.hugo-extended."platforms.linux-arm64"]
checksum = "sha256:4b282afd8181e5ed182f50f293fc24dd6c42bfa569e555d53bfbc5ee6a1b2982"
url = "https://github.com/gohugoio/hugo/releases/download/v0.166.0/hugo_extended_0.166.0_linux-arm64.tar.gz"
url_api = "https://api.github.com/repos/gohugoio/hugo/releases/assets/552998760"

[tools.hugo-extended."platforms.linux-x64"]
checksum = "sha256:0e39b901e3f919f1daae05c8ff64f0c14c8a348ef46886d63f8e6d1bb2653885"
url = "https://github.com/gohugoio/hugo/releases/download/v0.166.0/hugo_extended_0.166.0_linux-amd64.tar.gz"
url_api = "https://api.github.com/repos/gohugoio/hugo/releases/assets/552998688"

[tools.hugo-extended."platforms.macos-arm64"]
checksum = "sha256:5ac468a54ccd99bd3bfcdacadec25f6fcd6c0606dccfa86bb761d400d3f0a680"
url = "https://github.com/gohugoio/hugo/releases/download/v0.166.0/hugo_extended_0.166.0_darwin-universal.pkg"
url_api = "https://api.github.com/repos/gohugoio/hugo/releases/assets/552998784"

[tools.hugo-extended."platforms.macos-x64"]
checksum = "sha256:5ac468a54ccd99bd3bfcdacadec25f6fcd6c0606dccfa86bb761d400d3f0a680"
url = "https://github.com/gohugoio/hugo/releases/download/v0.166.0/hugo_extended_0.166.0_darwin-universal.pkg"
url_api = "https://api.github.com/repos/gohugoio/hugo/releases/assets/552998784"

[[tools.jq]]
version = "1.8.2"
backend = "aqua:jqlang/jq"

[tools.jq."platforms.linux-arm64"]
checksum = "sha256:8b85c817833814ddca00a144c33705546355afccf0cf39b188f3cdb48b852309"
url = "https://github.com/jqlang/jq/releases/download/jq-1.8.2/jq-linux-arm64"
url_api = "https://api.github.com/repos/jqlang/jq/releases/assets/453012756"
provenance = "github-attestations"

[tools.jq."platforms.linux-x64"]
checksum = "sha256:b1c22172dd303f3be49e935aa56aa48a8b7a46e0bc838b4997d3bb451495870f"
url = "https://github.com/jqlang/jq/releases/download/jq-1.8.2/jq-linux-amd64"
url_api = "https://api.github.com/repos/jqlang/jq/releases/assets/453012752"
provenance = "github-attestations"

[tools.jq."platforms.macos-arm64"]
checksum = "sha256:2d75340ba57a4b4b4c8708a21c2dc8e958a48aaa8bba13b27f77f6e4c0eca07e"
url = "https://github.com/jqlang/jq/releases/download/jq-1.8.2/jq-macos-arm64"
url_api = "https://api.github.com/repos/jqlang/jq/releases/assets/453012783"
provenance = "github-attestations"

[tools.jq."platforms.macos-x64"]
checksum = "sha256:e94b266e3c26690550006abe63152b782280f4e14374accdf04cbde844f00bc0"
url = "https://github.com/jqlang/jq/releases/download/jq-1.8.2/jq-macos-amd64"
url_api = "https://api.github.com/repos/jqlang/jq/releases/assets/453012782"
provenance = "github-attestations"

[[tools.node]]
version = "26.8.2"
backend = "core:node"

[tools.node."platforms.linux-arm64"]
checksum = "sha256:746cdbf21565b4ea06f77642bb0e85466de8bb722242be2c5e006f272c361c63"
url = "https://nodejs.org/dist/v26.8.2/node-v26.8.2-linux-arm64.tar.gz"

[tools.node."platforms.linux-x64"]
checksum = "sha256:badb3fe6a61b85e1352ca6564dc56b8b7bd5ecd5c474c52acc21dd0cdd586f35"
url = "https://nodejs.org/dist/v26.8.2/node-v26.8.2-linux-x64.tar.gz"

[tools.node."platforms.macos-arm64"]
checksum = "sha256:974b6d5fb2fc7c33ff2354db0902b4e91c2de01ec8acc6de48e543c97e18c9e1"
url = "https://nodejs.org/dist/v26.8.2/node-v26.8.2-darwin-arm64.tar.gz"

[tools.node."platforms.macos-x64"]
checksum = "sha256:adb8feb2d4987df3d72d2ec46f4fc4b58039c859b8c3f0e3cc2d3c6cbaf8629c"
url = "https://nodejs.org/dist/v26.8.2/node-v26.8.2-darwin-x64.tar.gz"

[[tools."npm:@anthropic-ai/claude-code"]]
version = "2.1.280"
backend = "npm:@anthropic-ai/claude-code"

[tools."npm:@anthropic-ai/claude-code".options]
allow_builds = '["@anthropic-ai/claude-code"]'

[[tools."npm:@openai/codex"]]
version = "0.155.1"
backend = "npm:@openai/codex"

[[tools."npm:bash-language-server"]]
version = "5.6.0"
backend = "npm:bash-language-server"

[[tools."npm:ccstatusline"]]
version = "2.2.29"
backend = "npm:ccstatusline"

[[tools."npm:ccusage"]]
version = "20.0.20"
backend = "npm:ccusage"

[[tools."npm:fast-cli"]]
version = "5.2.0"
backend = "npm:fast-cli"

[[tools."npm:pyright"]]
version = "1.1.414"
backend = "npm:pyright"

[[tools.python]]
version = "3.14.7"
backend = "core:python"

[tools.python."platforms.linux-arm64"]
checksum = "sha256:4dba8d7e06199f841a9d6b54e4eb58d446a5c20c65085a916190dd0162c6e93b"
url = "https://github.com/astral-sh/python-build-standalone/releases/download/20260807/cpython-3.14.7+20260807-aarch64-unknown-linux-gnu-install_only_stripped.tar.gz"
provenance = "github-attestations"

[tools.python."platforms.linux-x64"]
checksum = "sha256:a2478d654ed51d443bae21ec20ad927f116b4f5aae4094ab74918a6aa38f0575"
url = "https://github.com/astral-sh/python-build-standalone/releases/download/20260807/cpython-3.14.7+20260807-x86_64-unknown-linux-gnu-install_only_stripped.tar.gz"
provenance = "github-attestations"

[tools.python."platforms.macos-arm64"]
checksum = "blake3:0fffab4211fa179caf8acb8324e08af1ba0c13288d5f1677c4f8eb2b40601cc0"
url = "https://github.com/astral-sh/python-build-standalone/releases/download/20260807/cpython-3.14.7+20260807-aarch64-apple-darwin-install_only_stripped.tar.gz"
provenance = "github-attestations"

[tools.python."platforms.macos-x64"]
checksum = "sha256:9964e2d618ebea03be8ea3e65ab0ecc0f2b030ce203345b8f92654641fd4de66"
url = "https://github.com/astral-sh/python-build-standalone/releases/download/20260807/cpython-3.14.7+20260807-x86_64-apple-darwin-install_only_stripped.tar.gz"
provenance = "github-attestations"

[[tools.rust]]
version = "1.98.1"
backend = "core:rust"

[[tools.shellcheck]]
version = "0.11.0"
backend = "aqua:koalaman/shellcheck"

[tools.shellcheck."platforms.linux-arm64"]
checksum = "sha256:12b331c1d2db6b9eb13cfca64306b1b157a86eb69db83023e261eaa7e7c14588"
url = "https://github.com/koalaman/shellcheck/releases/download/v0.11.0/shellcheck-v0.11.0.linux.aarch64.tar.xz"
url_api = "https://api.github.com/repos/koalaman/shellcheck/releases/assets/279056934"

[tools.shellcheck."platforms.linux-x64"]
checksum = "sha256:8c3be12b05d5c177a04c29e3c78ce89ac86f1595681cab149b65b97c4e227198"
url = "https://github.com/koalaman/shellcheck/releases/download/v0.11.0/shellcheck-v0.11.0.linux.x86_64.tar.xz"
url_api = "https://api.github.com/repos/koalaman/shellcheck/releases/assets/279056942"

[tools.shellcheck."platforms.macos-arm64"]
checksum = "sha256:56affdd8de5527894dca6dc3d7e0a99a873b0f004d7aabc30ae407d3f48b0a79"
url = "https://github.com/koalaman/shellcheck/releases/download/v0.11.0/shellcheck-v0.11.0.darwin.aarch64.tar.xz"
url_api = "https://api.github.com/repos/koalaman/shellcheck/releases/assets/279056932"

[tools.shellcheck."platforms.macos-x64"]
checksum = "sha256:3c89db4edcab7cf1c27bff178882e0f6f27f7afdf54e859fa041fca10febe4c6"
url = "https://github.com/koalaman/shellcheck/releases/download/v0.11.0/shellcheck-v0.11.0.darwin.x86_64.tar.xz"
url_api = "https://api.github.com/repos/koalaman/shellcheck/releases/assets/279056930"

[[tools.shfmt]]
version = "3.14.1"
backend = "aqua:mvdan/sh"

[tools.shfmt."platforms.linux-arm64"]
checksum = "sha256:5f2db09dae91fca848f7adbdd014632e921a383863a2ad7e0450ad3aba0c6489"
url = "https://github.com/mvdan/sh/releases/download/v3.14.1/shfmt_v3.14.1_linux_arm64"
url_api = "https://api.github.com/repos/mvdan/sh/releases/assets/547320869"

[tools.shfmt."platforms.linux-x64"]
checksum = "sha256:76e77641faa025814b77f153b29796b8e6fa2fca03e0c76a691608b86c7ea7bf"
url = "https://github.com/mvdan/sh/releases/download/v3.14.1/shfmt_v3.14.1_linux_amd64"
url_api = "https://api.github.com/repos/mvdan/sh/releases/assets/547320883"

[tools.shfmt."platforms.macos-arm64"]
checksum = "sha256:b7c872db63553ccffc7253aba3ed7d4885a27d83f1ba567b1138c6315a5847e5"
url = "https://github.com/mvdan/sh/releases/download/v3.14.1/shfmt_v3.14.1_darwin_arm64"
url_api = "https://api.github.com/repos/mvdan/sh/releases/assets/547320930"

[tools.shfmt."platforms.macos-x64"]
checksum = "sha256:d33eee0da0f92835b3562e9767a05cee7e4eaeef47daa03bfd09da17b4b590a6"
url = "https://github.com/mvdan/sh/releases/download/v3.14.1/shfmt_v3.14.1_darwin_amd64"
url_api = "https://api.github.com/repos/mvdan/sh/releases/assets/547320946"

[[tools.uv]]
version = "0.12.15"
backend = "aqua:astral-sh/uv"

[tools.uv."platforms.linux-arm64"]
checksum = "sha256:0e9a3499b0587d449c9ff684c0160da607826e4af1cee220bc87f378702d3e08"
url = "https://github.com/astral-sh/uv/releases/download/0.12.15/uv-aarch64-unknown-linux-gnu.tar.gz"
url_api = "https://api.github.com/repos/astral-sh/uv/releases/assets/565630758"
provenance = "github-attestations"

[tools.uv."platforms.linux-x64"]
checksum = "sha256:f97935763c04be3e692460a7aaeaaab8fc3b78fcf8b389da820b38ae7423a638"
url = "https://github.com/astral-sh/uv/releases/download/0.12.15/uv-x86_64-unknown-linux-gnu.tar.gz"
url_api = "https://api.github.com/repos/astral-sh/uv/releases/assets/565630898"
provenance = "github-attestations"

[tools.uv."platforms.macos-arm64"]
checksum = "sha256:dc304b9ed1b24174572290fba60ac3f6fe63c73a671f0439e62a91375841964d"
url = "https://github.com/astral-sh/uv/releases/download/0.12.15/uv-aarch64-apple-darwin.tar.gz"
url_api = "https://api.github.com/repos/astral-sh/uv/releases/assets/565630750"
provenance = "github-attestations"

[tools.uv."platforms.macos-x64"]
checksum = "sha256:e9ca61775532368fe518ab03e7a354c7ecab8ccb3c7d941c775fcc4a362b801b"
url = "https://github.com/astral-sh/uv/releases/download/0.12.15/uv-x86_64-apple-darwin.tar.gz"
url_api = "https://api.github.com/repos/astral-sh/uv/releases/assets/565630871"
provenance = "github-attestations"

[[tools.yazi]]
version = "26.9.1"
backend = "aqua:sxyazi/yazi"

[tools.yazi."platforms.linux-arm64"]
checksum = "sha256:02807f08d6b589b65b7516a4e259d83f5995d7a23bb12b3a155141385b370b3a"
url = "https://github.com/sxyazi/yazi/releases/download/v26.9.1/yazi-aarch64-unknown-linux-gnu.zip"
url_api = "https://api.github.com/repos/sxyazi/yazi/releases/assets/539261402"

[tools.yazi."platforms.linux-x64"]
checksum = "sha256:a02fe91d3304294048c681f010f1100856872a4e98ecf6927328e888d40a6ad2"
url = "https://github.com/sxyazi/yazi/releases/download/v26.9.1/yazi-x86_64-unknown-linux-gnu.zip"
url_api = "https://api.github.com/repos/sxyazi/yazi/releases/assets/539261400"

[tools.yazi."platforms.macos-arm64"]
checksum = "sha256:3921182a21cceb0a505e5dac578e1487d48104caa5f114e9f8adf40b5a7289a9"
url = "https://github.com/sxyazi/yazi/releases/download/v26.9.1/yazi-aarch64-apple-darwin.zip"
url_api = "https://api.github.com/repos/sxyazi/yazi/releases/assets/539261410"

[tools.yazi."platforms.macos-x64"]
checksum = "sha256:36e09036fcc446488d876d139a5e303f2443b82cfb6ac7dfcb43892d6fe6fa20"
url = "https://github.com/sxyazi/yazi/releases/download/v26.9.1/yazi-x86_64-apple-darwin.zip"
url_api = "https://api.github.com/repos/sxyazi/yazi/releases/assets/539261413"
